// !$*UTF8*$!
{
	archiveVersion = 1;
	classes = {
	};
	objectVersion = 46;
	objects = {

/* Begin PBXBuildFile section */
		F2CCD410197F7F5800CDBE24 /* AppDelegate.swift in Sources */ = {isa = PBXBuildFile; fileRef = F2CCD40F197F7F5800CDBE24 /* AppDelegate.swift */; };
		F2CCD412197F7F5800CDBE24 /* ViewController.swift in Sources */ = {isa = PBXBuildFile; fileRef = F2CCD411197F7F5800CDBE24 /* ViewController.swift */; };
		F2CCD415197F7F5800CDBE24 /* Main.storyboard in Resources */ = {isa = PBXBuildFile; fileRef = F2CCD413197F7F5800CDBE24 /* Main.storyboard */; };
		F2CCD417197F7F5800CDBE24 /* Images.xcassets in Resources */ = {isa = PBXBuildFile; fileRef = F2CCD416197F7F5800CDBE24 /* Images.xcassets */; };
		F2CCD423197F7F5900CDBE24 /* bubblyTests.swift in Sources */ = {isa = PBXBuildFile; fileRef = F2CCD422197F7F5900CDBE24 /* bubblyTests.swift */; };
/* End PBXBuildFile section */

/* Begin PBXContainerItemProxy section */
		F2CCD41D197F7F5800CDBE24 /* PBXContainerItemProxy */ = {
			isa = PBXContainerItemProxy;
			containerPortal = F2CCD402197F7F5800CDBE24 /* Project object */;
			proxyType = 1;
			remoteGlobalIDString = F2CCD409197F7F5800CDBE24;
			remoteInfo = bubbly;
		};
/* End PBXContainerItemProxy section */

/* Begin PBXFileReference section */
		F2CCD40A197F7F5800CDBE24 /* bubbly.app */ = {isa = PBXFileReference; explicitFileType = wrapper.application; includeInIndex = 0; path = bubbly.app; sourceTree = BUILT_PRODUCTS_DIR; };
		F2CCD40E197F7F5800CDBE24 /* Info.plist */ = {isa = PBXFileReference; lastKnownFileType = text.plist.xml; path = Info.plist; sourceTree = "<group>"; };
		F2CCD40F197F7F5800CDBE24 /* AppDelegate.swift */ = {isa = PBXFileReference; lastKnownFileType = sourcecode.swift; path = AppDelegate.swift; sourceTree = "<group>"; };
		F2CCD411197F7F5800CDBE24 /* ViewController.swift */ = {isa = PBXFileReference; lastKnownFileType = sourcecode.swift; path = ViewController.swift; sourceTree = "<group>"; };
		F2CCD414197F7F5800CDBE24 /* Base */ = {isa = PBXFileReference; lastKnownFileType = file.storyboard; name = Base; path = Base.lproj/Main.storyboard; sourceTree = "<group>"; };
		F2CCD416197F7F5800CDBE24 /* Images.xcassets */ = {isa = PBXFileReference; lastKnownFileType = folder.assetcatalog; path = Images.xcassets; sourceTree = "<group>"; };
		F2CCD41C197F7F5800CDBE24 /* bubblyTests.xctest */ = {isa = PBXFileReference; explicitFileType = wrapper.cfbundle; includeInIndex = 0; path = bubblyTests.xctest; sourceTree = BUILT_PRODUCTS_DIR; };
		F2CCD421197F7F5800CDBE24 /* Info.plist */ = {isa = PBXFileReference; lastKnownFileType = text.plist.xml; path = Info.plist; sourceTree = "<group>"; };
		F2CCD422197F7F5900CDBE24 /* bubblyTests.swift */ = {isa = PBXFileReference; lastKnownFileType = sourcecode.swift; path = bubblyTests.swift; sourceTree = "<group>"; };
/* End PBXFileReference section */

/* Begin PBXFrameworksBuildPhase section */
		F2CCD407197F7F5800CDBE24 /* Frameworks */ = {
			isa = PBXFrameworksBuildPhase;
			buildActionMask = 2147483647;
			files = (
			);
			runOnlyForDeploymentPostprocessing = 0;
		};
		F2CCD419197F7F5800CDBE24 /* Frameworks */ = {
			isa = PBXFrameworksBuildPhase;
			buildActionMask = 2147483647;
			files = (
			);
			runOnlyForDeploymentPostprocessing = 0;
		};
/* End PBXFrameworksBuildPhase section */

/* Begin PBXGroup section */
		F2CCD401197F7F5800CDBE24 = {
			isa = PBXGroup;
			children = (
				F2CCD40C197F7F5800CDBE24 /* bubbly */,
				F2CCD41F197F7F5800CDBE24 /* bubblyTests */,
				F2CCD40B197F7F5800CDBE24 /* Products */,
			);
			sourceTree = "<group>";
		};
		F2CCD40B197F7F5800CDBE24 /* Products */ = {
			isa = PBXGroup;
			children = (
				F2CCD40A197F7F5800CDBE24 /* bubbly.app */,
				F2CCD41C197F7F5800CDBE24 /* bubblyTests.xctest */,
			);
			name = Products;
			sourceTree = "<group>";
		};
		F2CCD40C197F7F5800CDBE24 /* bubbly */ = {
			isa = PBXGroup;
			children = (
				F2CCD40F197F7F5800CDBE24 /* AppDelegate.swift */,
				F2CCD411197F7F5800CDBE24 /* ViewController.swift */,
				F2CCD413197F7F5800CDBE24 /* Main.storyboard */,
				F2CCD416197F7F5800CDBE24 /* Images.xcassets */,
				F2CCD40D197F7F5800CDBE24 /* Supporting Files */,
			);
			path = bubbly;
			sourceTree = "<group>";
		};
		F2CCD40D197F7F5800CDBE24 /* Supporting Files */ = {
			isa = PBXGroup;
			children = (
				F2CCD40E197F7F5800CDBE24 /* Info.plist */,
			);
			name = "Supporting Files";
			sourceTree = "<group>";
		};
		F2CCD41F197F7F5800CDBE24 /* bubblyTests */ = {
			isa = PBXGroup;
			children = (
				F2CCD422197F7F5900CDBE24 /* bubblyTests.swift */,
				F2CCD420197F7F5800CDBE24 /* Supporting Files */,
			);
			path = bubblyTests;
			sourceTree = "<group>";
		};
		F2CCD420197F7F5800CDBE24 /* Supporting Files */ = {
			isa = PBXGroup;
			children = (
				F2CCD421197F7F5800CDBE24 /* Info.plist */,
			);
			name = "Supporting Files";
			sourceTree = "<group>";
		};
/* End PBXGroup section */

/* Begin PBXNativeTarget section */
		F2CCD409197F7F5800CDBE24 /* bubbly */ = {
			isa = PBXNativeTarget;
			buildConfigurationList = F2CCD426197F7F5900CDBE24 /* Build configuration list for PBXNativeTarget "bubbly" */;
			buildPhases = (
				F2CCD406197F7F5800CDBE24 /* Sources */,
				F2CCD407197F7F5800CDBE24 /* Frameworks */,
				F2CCD408197F7F5800CDBE24 /* Resources */,
			);
			buildRules = (
			);
			dependencies = (
			);
			name = bubbly;
			productName = bubbly;
			productReference = F2CCD40A197F7F5800CDBE24 /* bubbly.app */;
			productType = "com.apple.product-type.application";
		};
		F2CCD41B197F7F5800CDBE24 /* bubblyTests */ = {
			isa = PBXNativeTarget;
			buildConfigurationList = F2CCD429197F7F5900CDBE24 /* Build configuration list for PBXNativeTarget "bubblyTests" */;
			buildPhases = (
				F2CCD418197F7F5800CDBE24 /* Sources */,
				F2CCD419197F7F5800CDBE24 /* Frameworks */,
				F2CCD41A197F7F5800CDBE24 /* Resources */,
			);
			buildRules = (
			);
			dependencies = (
				F2CCD41E197F7F5800CDBE24 /* PBXTargetDependency */,
			);
			name = bubblyTests;
			productName = bubblyTests;
			productReference = F2CCD41C197F7F5800CDBE24 /* bubblyTests.xctest */;
			productType = "com.apple.product-type.bundle.unit-test";
		};
/* End PBXNativeTarget section */

/* Begin PBXProject section */
		F2CCD402197F7F5800CDBE24 /* Project object */ = {
			isa = PBXProject;
			attributes = {
				LastUpgradeCheck = 0600;
				ORGANIZATIONNAME = "Gina Hagg";
				TargetAttributes = {
					F2CCD409197F7F5800CDBE24 = {
						CreatedOnToolsVersion = 6.0;
					};
					F2CCD41B197F7F5800CDBE24 = {
						CreatedOnToolsVersion = 6.0;
						TestTargetID = F2CCD409197F7F5800CDBE24;
					};
				};
			};
			buildConfigurationList = F2CCD405197F7F5800CDBE24 /* Build configuration list for PBXProject "bubbly" */;
			compatibilityVersion = "Xcode 3.2";
			developmentRegion = English;
			hasScannedForEncodings = 0;
			knownRegions = (
				en,
				Base,
			);
			mainGroup = F2CCD401197F7F5800CDBE24;
			productRefGroup = F2CCD40B197F7F5800CDBE24 /* Products */;
			projectDirPath = "";
			projectRoot = "";
			targets = (
				F2CCD409197F7F5800CDBE24 /* bubbly */,
				F2CCD41B197F7F5800CDBE24 /* bubblyTests */,
			);
		};
/* End PBXProject section */

/* Begin PBXResourcesBuildPhase section */
		F2CCD408197F7F5800CDBE24 /* Resources */ = {
			isa = PBXResourcesBuildPhase;
			buildActionMask = 2147483647;
			files = (
				F2CCD415197F7F5800CDBE24 /* Main.storyboard in Resources */,
				F2CCD417197F7F5800CDBE24 /* Images.xcassets in Resources */,
			);
			runOnlyForDeploymentPostprocessing = 0;
		};
		F2CCD41A197F7F5800CDBE24 /* Resources */ = {
			isa = PBXResourcesBuildPhase;
			buildActionMask = 2147483647;
			files = (
			);
			runOnlyForDeploymentPostprocessing = 0;
		};
/* End PBXResourcesBuildPhase section */

/* Begin PBXSourcesBuildPhase section */
		F2CCD406197F7F5800CDBE24 /* Sources */ = {
			isa = PBXSourcesBuildPhase;
			buildActionMask = 2147483647;
			files = (
				F2CCD412197F7F5800CDBE24 /* ViewController.swift in Sources */,
				F2CCD410197F7F5800CDBE24 /* AppDelegate.swift in Sources */,
			);
			runOnlyForDeploymentPostprocessing = 0;
		};
		F2CCD418197F7F5800CDBE24 /* Sources */ = {
			isa = PBXSourcesBuildPhase;
			buildActionMask = 2147483647;
			files = (
				F2CCD423197F7F5900CDBE24 /* bubblyTests.swift in Sources */,
			);
			runOnlyForDeploymentPostprocessing = 0;
		};
/* End PBXSourcesBuildPhase section */

/* Begin PBXTargetDependency section */
		F2CCD41E197F7F5800CDBE24 /* PBXTargetDependency */ = {
			isa = PBXTargetDependency;
			target = F2CCD409197F7F5800CDBE24 /* bubbly */;
			targetProxy = F2CCD41D197F7F5800CDBE24 /* PBXContainerItemProxy */;
		};
/* End PBXTargetDependency section */

/* Begin PBXVariantGroup section */
		F2CCD413197F7F5800CDBE24 /* Main.storyboard */ = {
			isa = PBXVariantGroup;
			children = (
				F2CCD414197F7F5800CDBE24 /* Base */,
			);
			name = Main.storyboard;
			sourceTree = "<group>";
		};
/* End PBXVariantGroup section */

/* Begin XCBuildConfiguration section */
		F2CCD424197F7F5900CDBE24 /* Debug */ = {
			isa = XCBuildConfiguration;
			buildSettings = {
				ALWAYS_SEARCH_USER_PATHS = NO;
				CLANG_CXX_LANGUAGE_STANDARD = "gnu++0x";
				CLANG_CXX_LIBRARY = "libc++";
				CLANG_ENABLE_MODULES = YES;
				CLANG_ENABLE_OBJC_ARC = YES;
				CLANG_WARN_BOOL_CONVERSION = YES;
				CLANG_WARN_CONSTANT_CONVERSION = YES;
				CLANG_WARN_DIRECT_OBJC_ISA_USAGE = YES_ERROR;
				CLANG_WARN_EMPTY_BODY = YES;
				CLANG_WARN_ENUM_CONVERSION = YES;
				CLANG_WARN_INT_CONVERSION = YES;
				CLANG_WARN_OBJC_ROOT_CLASS = YES_ERROR;
				CLANG_WARN_UNREACHABLE_CODE = YES;
				CLANG_WARN__DUPLICATE_METHOD_MATCH = YES;
				"CODE_SIGN_IDENTITY[sdk=iphoneos*]" = "iPhone Developer";
				COPY_PHASE_STRIP = NO;
				ENABLE_STRICT_OBJC_MSGSEND = YES;
				GCC_C_LANGUAGE_STANDARD = gnu99;
				GCC_DYNAMIC_NO_PIC = NO;
				GCC_OPTIMIZATION_LEVEL = 0;
				GCC_PREPROCESSOR_DEFINITIONS = (
					"DEBUG=1",
					"$(inherited)",
				);
				GCC_SYMBOLS_PRIVATE_EXTERN = NO;
				GCC_WARN_64_TO_32_BIT_CONVERSION = YES;
				GCC_WARN_ABOUT_RETURN_TYPE = YES_ERROR;
				GCC_WARN_UNDECLARED_SELECTOR = YES;
				GCC_WARN_UNINITIALIZED_AUTOS = YES_AGGRESSIVE;
				GCC_WARN_UNUSED_FUNCTION = YES;
				GCC_WARN_UNUSED_VARIABLE = YES;
				IPHONEOS_DEPLOYMENT_TARGET = 8.0;
				MTL_ENABLE_DEBUG_INFO = YES;
				ONLY_ACTIVE_ARCH = YES;
				SDKROOT = iphoneos;
				SWIFT_OPTIMIZATION_LEVEL = "-Onone";
			};
			name = Debug;
		};
		F2CCD425197F7F5900CDBE24 /* Release */ = {
			isa = XCBuildConfiguration;
			buildSettings = {
				ALWAYS_SEARCH_USER_PATHS = NO;
				CLANG_CXX_LANGUAGE_STANDARD = "gnu++0x";
				CLANG_CXX_LIBRARY = "libc++";
				CLANG_ENABLE_MODULES = YES;
				CLANG_ENABLE_OBJC_ARC = YES;
				CLANG_WARN_BOOL_CONVERSION = YES;
				CLANG_WARN_CONSTANT_CONVERSION = YES;
				CLANG_WARN_DIRECT_OBJC_ISA_USAGE = YES_ERROR;
				CLANG_WARN_EMPTY_BODY = YES;
				CLANG_WARN_ENUM_CONVERSION = YES;
				CLANG_WARN_INT_CONVERSION = YES;
				CLANG_WARN_OBJC_ROOT_CLASS = YES_ERROR;
				CLANG_WARN_UNREACHABLE_CODE = YES;
				CLANG_WARN__DUPLICATE_METHOD_MATCH = YES;
				"CODE_SIGN_IDENTITY[sdk=iphoneos*]" = "iPhone Developer";
				COPY_PHASE_STRIP = YES;
				ENABLE_NS_ASSERTIONS = NO;
				ENABLE_STRICT_OBJC_MSGSEND = YES;
				GCC_C_LANGUAGE_STANDARD = gnu99;
				GCC_WARN_64_TO_32_BIT_CONVERSION = YES;
				GCC_WARN_ABOUT_RETURN_TYPE = YES_ERROR;
				GCC_WARN_UNDECLARED_SELECTOR = YES;
				GCC_WARN_UNINITIALIZED_AUTOS = YES_AGGRESSIVE;
				GCC_WARN_UNUSED_FUNCTION = YES;
				GCC_WARN_UNUSED_VARIABLE = YES;
				IPHONEOS_DEPLOYMENT_TARGET = 8.0;
				MTL_ENABLE_DEBUG_INFO = NO;
				SDKROOT = iphoneos;
				VALIDATE_PRODUCT = YES;
			};
			name = Release;
		};
		F2CCD427197F7F5900CDBE24 /* Debug */ = {
			isa = XCBuildConfiguration;
			buildSettings = {
				ASSETCATALOG_COMPILER_APPICON_NAME = AppIcon;
				ASSETCATALOG_COMPILER_LAUNCHIMAGE_NAME = LaunchImage;
				INFOPLIST_FILE = bubbly/Info.plist;
				LD_RUNPATH_SEARCH_PATHS = "$(inherited) @executable_path/Frameworks";
				PRODUCT_NAME = "$(TARGET_NAME)";
			};
			name = Debug;
		};
		F2CCD428197F7F5900CDBE24 /* Release */ = {
			isa = XCBuildConfiguration;
			buildSettings = {
				ASSETCATALOG_COMPILER_APPICON_NAME = AppIcon;
				ASSETCATALOG_COMPILER_LAUNCHIMAGE_NAME = LaunchImage;
				INFOPLIST_FILE = bubbly/Info.plist;
				LD_RUNPATH_SEARCH_PATHS = "$(inherited) @executable_path/Frameworks";
				PRODUCT_NAME = "$(TARGET_NAME)";
			};
			name = Release;
		};
		F2CCD42A197F7F5900CDBE24 /* Debug */ = {
			isa = XCBuildConfiguration;
			buildSettings = {
				BUNDLE_LOADER = "$(BUILT_PRODUCTS_DIR)/bubbly.app/bubbly";
				FRAMEWORK_SEARCH_PATHS = (
					"$(SDKROOT)/Developer/Library/Frameworks",
					"$(inherited)",
				);
				GCC_PREPROCESSOR_DEFINITIONS = (
					"DEBUG=1",
					"$(inherited)",
				);
				INFOPLIST_FILE = bubblyTests/Info.plist;
				LD_RUNPATH_SEARCH_PATHS = "$(inherited) @executable_path/Frameworks @loader_path/Frameworks";
				PRODUCT_NAME = "$(TARGET_NAME)";
				TEST_HOST = "$(BUNDLE_LOADER)";
			};
			name = Debug;
		};
		F2CCD42B197F7F5900CDBE24 /* Release */ = {
			isa = XCBuildConfiguration;
			buildSettings = {
				BUNDLE_LOADER = "$(BUILT_PRODUCTS_DIR)/bubbly.app/bubbly";
				FRAMEWORK_SEARCH_PATHS = (
					"$(SDKROOT)/Developer/Library/Frameworks",
					"$(inherited)",
				);
				INFOPLIST_FILE = bubblyTests/Info.plist;
				LD_RUNPATH_SEARCH_PATHS = "$(inherited) @executable_path/Frameworks @loader_path/Frameworks";
				PRODUCT_NAME = "$(TARGET_NAME)";
				TEST_HOST = "$(BUNDLE_LOADER)";
			};
			name = Release;
		};
/* End XCBuildConfiguration section */

/* Begin XCConfigurationList section */
		F2CCD405197F7F5800CDBE24 /* Build configuration list for PBXProject "bubbly" */ = {
			isa = XCConfigurationList;
			buildConfigurations = (
				F2CCD424197F7F5900CDBE24 /* Debug */,
				F2CCD425197F7F5900CDBE24 /* Release */,
			);
			defaultConfigurationIsVisible = 0;
			defaultConfigurationName = Release;
		};
		F2CCD426197F7F5900CDBE24 /* Build configuration list for PBXNativeTarget "bubbly" */ = {
			isa = XCConfigurationList;
			buildConfigurations = (
				F2CCD427197F7F5900CDBE24 /* Debug */,
				F2CCD428197F7F5900CDBE24 /* Release */,
			);
			defaultConfigurationIsVisible = 0;
		};
		F2CCD429197F7F5900CDBE24 /* Build configuration list for PBXNativeTarget "bubblyTests" */ = {
			isa = XCConfigurationList;
			buildConfigurations = (
				F2CCD42A197F7F5900CDBE24 /* Debug */,
				F2CCD42B197F7F5900CDBE24 /* Release */,
			);
			defaultConfigurationIsVisible = 0;
		};
/* End XCConfigurationList section */
	};
	rootObject = F2CCD402197F7F5800CDBE24 /* Project object */;
}
