// !$*UTF8*$!
{
	archiveVersion = 1;
	classes = {
	};
	objectVersion = 46;
	objects = {

/* Begin PBXBuildFile section */
		F290B6F71979D6A500269C33 /* AppDelegate.swift in Sources */ = {isa = PBXBuildFile; fileRef = F290B6F61979D6A500269C33 /* AppDelegate.swift */; };
		F290B7001979D6A500269C33 /* Images.xcassets in Resources */ = {isa = PBXBuildFile; fileRef = F290B6FF1979D6A500269C33 /* Images.xcassets */; };
		F2ED150E1979DB5B007D79B8 /* Storyboard.storyboard in Resources */ = {isa = PBXBuildFile; fileRef = F2ED150D1979DB5B007D79B8 /* Storyboard.storyboard */; };
		F2ED15101979DDBE007D79B8 /* MasterTableViewController.swift in Sources */ = {isa = PBXBuildFile; fileRef = F2ED150F1979DDBE007D79B8 /* MasterTableViewController.swift */; };
		F2ED15121979F627007D79B8 /* AddViewController.swift in Sources */ = {isa = PBXBuildFile; fileRef = F2ED15111979F627007D79B8 /* AddViewController.swift */; };
		F2ED15141979F6E4007D79B8 /* DetailViewController.swift in Sources */ = {isa = PBXBuildFile; fileRef = F2ED15131979F6E4007D79B8 /* DetailViewController.swift */; };
/* End PBXBuildFile section */

/* Begin PBXContainerItemProxy section */
		F290B7061979D6A500269C33 /* PBXContainerItemProxy */ = {
			isa = PBXContainerItemProxy;
			containerPortal = F290B6E21979C67E00269C33 /* Project object */;
			proxyType = 1;
			remoteGlobalIDString = F290B6F01979D6A400269C33;
			remoteInfo = emptyapp;
		};
/* End PBXContainerItemProxy section */

/* Begin PBXFileReference section */
		F290B6F11979D6A400269C33 /* emptyapp.app */ = {isa = PBXFileReference; explicitFileType = wrapper.application; includeInIndex = 0; path = emptyapp.app; sourceTree = BUILT_PRODUCTS_DIR; };
		F290B6F51979D6A500269C33 /* Info.plist */ = {isa = PBXFileReference; lastKnownFileType = text.plist.xml; path = Info.plist; sourceTree = "<group>"; };
		F290B6F61979D6A500269C33 /* AppDelegate.swift */ = {isa = PBXFileReference; lastKnownFileType = sourcecode.swift; path = AppDelegate.swift; sourceTree = "<group>"; };
		F290B6FF1979D6A500269C33 /* Images.xcassets */ = {isa = PBXFileReference; lastKnownFileType = folder.assetcatalog; path = Images.xcassets; sourceTree = "<group>"; };
		F290B7051979D6A500269C33 /* emptyappTests.xctest */ = {isa = PBXFileReference; explicitFileType = wrapper.cfbundle; includeInIndex = 0; path = emptyappTests.xctest; sourceTree = BUILT_PRODUCTS_DIR; };
		F2ED150D1979DB5B007D79B8 /* Storyboard.storyboard */ = {isa = PBXFileReference; fileEncoding = 4; lastKnownFileType = file.storyboard; path = Storyboard.storyboard; sourceTree = "<group>"; };
		F2ED150F1979DDBE007D79B8 /* MasterTableViewController.swift */ = {isa = PBXFileReference; fileEncoding = 4; lastKnownFileType = sourcecode.swift; path = MasterTableViewController.swift; sourceTree = "<group>"; };
		F2ED15111979F627007D79B8 /* AddViewController.swift */ = {isa = PBXFileReference; fileEncoding = 4; lastKnownFileType = sourcecode.swift; path = AddViewController.swift; sourceTree = "<group>"; };
		F2ED15131979F6E4007D79B8 /* DetailViewController.swift */ = {isa = PBXFileReference; fileEncoding = 4; lastKnownFileType = sourcecode.swift; path = DetailViewController.swift; sourceTree = "<group>"; };
/* End PBXFileReference section */

/* Begin PBXFrameworksBuildPhase section */
		F290B6EE1979D6A400269C33 /* Frameworks */ = {
			isa = PBXFrameworksBuildPhase;
			buildActionMask = 2147483647;
			files = (
			);
			runOnlyForDeploymentPostprocessing = 0;
		};
		F290B7021979D6A500269C33 /* Frameworks */ = {
			isa = PBXFrameworksBuildPhase;
			buildActionMask = 2147483647;
			files = (
			);
			runOnlyForDeploymentPostprocessing = 0;
		};
/* End PBXFrameworksBuildPhase section */

/* Begin PBXGroup section */
		F290B6E11979C67E00269C33 = {
			isa = PBXGroup;
			children = (
				F290B6F31979D6A400269C33 /* emptyapp */,
				F290B6F21979D6A400269C33 /* Products */,
			);
			sourceTree = "<group>";
		};
		F290B6F21979D6A400269C33 /* Products */ = {
			isa = PBXGroup;
			children = (
				F290B6F11979D6A400269C33 /* emptyapp.app */,
				F290B7051979D6A500269C33 /* emptyappTests.xctest */,
			);
			name = Products;
			sourceTree = "<group>";
		};
		F290B6F31979D6A400269C33 /* emptyapp */ = {
			isa = PBXGroup;
			children = (
				F2ED150D1979DB5B007D79B8 /* Storyboard.storyboard */,
				F290B6F61979D6A500269C33 /* AppDelegate.swift */,
				F290B6FF1979D6A500269C33 /* Images.xcassets */,
				F290B6F41979D6A500269C33 /* Supporting Files */,
				F2ED150F1979DDBE007D79B8 /* MasterTableViewController.swift */,
				F2ED15111979F627007D79B8 /* AddViewController.swift */,
				F2ED15131979F6E4007D79B8 /* DetailViewController.swift */,
			);
			path = emptyapp;
			sourceTree = "<group>";
		};
		F290B6F41979D6A500269C33 /* Supporting Files */ = {
			isa = PBXGroup;
			children = (
				F290B6F51979D6A500269C33 /* Info.plist */,
			);
			name = "Supporting Files";
			sourceTree = "<group>";
		};
/* End PBXGroup section */

/* Begin PBXNativeTarget section */
		F290B6F01979D6A400269C33 /* emptyapp */ = {
			isa = PBXNativeTarget;
			buildConfigurationList = F290B70D1979D6A500269C33 /* Build configuration list for PBXNativeTarget "emptyapp" */;
			buildPhases = (
				F290B6ED1979D6A400269C33 /* Sources */,
				F290B6EE1979D6A400269C33 /* Frameworks */,
				F290B6EF1979D6A400269C33 /* Resources */,
			);
			buildRules = (
			);
			dependencies = (
			);
			name = emptyapp;
			productName = emptyapp;
			productReference = F290B6F11979D6A400269C33 /* emptyapp.app */;
			productType = "com.apple.product-type.application";
		};
		F290B7041979D6A500269C33 /* emptyappTests */ = {
			isa = PBXNativeTarget;
			buildConfigurationList = F290B7101979D6A500269C33 /* Build configuration list for PBXNativeTarget "emptyappTests" */;
			buildPhases = (
				F290B7011979D6A500269C33 /* Sources */,
				F290B7021979D6A500269C33 /* Frameworks */,
				F290B7031979D6A500269C33 /* Resources */,
			);
			buildRules = (
			);
			dependencies = (
				F290B7071979D6A500269C33 /* PBXTargetDependency */,
			);
			name = emptyappTests;
			productName = emptyappTests;
			productReference = F290B7051979D6A500269C33 /* emptyappTests.xctest */;
			productType = "com.apple.product-type.bundle.unit-test";
		};
/* End PBXNativeTarget section */

/* Begin PBXProject section */
		F290B6E21979C67E00269C33 /* Project object */ = {
			isa = PBXProject;
			attributes = {
				LastUpgradeCheck = 0600;
				TargetAttributes = {
					F290B6F01979D6A400269C33 = {
						CreatedOnToolsVersion = 6.0;
					};
					F290B7041979D6A500269C33 = {
						CreatedOnToolsVersion = 6.0;
						TestTargetID = F290B6F01979D6A400269C33;
					};
				};
			};
			buildConfigurationList = F290B6E51979C67E00269C33 /* Build configuration list for PBXProject "emptyapp" */;
			compatibilityVersion = "Xcode 3.2";
			developmentRegion = English;
			hasScannedForEncodings = 0;
			knownRegions = (
				en,
				Base,
			);
			mainGroup = F290B6E11979C67E00269C33;
			productRefGroup = F290B6F21979D6A400269C33 /* Products */;
			projectDirPath = "";
			projectRoot = "";
			targets = (
				F290B6F01979D6A400269C33 /* emptyapp */,
				F290B7041979D6A500269C33 /* emptyappTests */,
			);
		};
/* End PBXProject section */

/* Begin PBXResourcesBuildPhase section */
		F290B6EF1979D6A400269C33 /* Resources */ = {
			isa = PBXResourcesBuildPhase;
			buildActionMask = 2147483647;
			files = (
				F290B7001979D6A500269C33 /* Images.xcassets in Resources */,
				F2ED150E1979DB5B007D79B8 /* Storyboard.storyboard in Resources */,
			);
			runOnlyForDeploymentPostprocessing = 0;
		};
		F290B7031979D6A500269C33 /* Resources */ = {
			isa = PBXResourcesBuildPhase;
			buildActionMask = 2147483647;
			files = (
			);
			runOnlyForDeploymentPostprocessing = 0;
		};
/* End PBXResourcesBuildPhase section */

/* Begin PBXSourcesBuildPhase section */
		F290B6ED1979D6A400269C33 /* Sources */ = {
			isa = PBXSourcesBuildPhase;
			buildActionMask = 2147483647;
			files = (
				F290B6F71979D6A500269C33 /* AppDelegate.swift in Sources */,
				F2ED15101979DDBE007D79B8 /* MasterTableViewController.swift in Sources */,
				F2ED15121979F627007D79B8 /* AddViewController.swift in Sources */,
				F2ED15141979F6E4007D79B8 /* DetailViewController.swift in Sources */,
			);
			runOnlyForDeploymentPostprocessing = 0;
		};
		F290B7011979D6A500269C33 /* Sources */ = {
			isa = PBXSourcesBuildPhase;
			buildActionMask = 2147483647;
			files = (
			);
			runOnlyForDeploymentPostprocessing = 0;
		};
/* End PBXSourcesBuildPhase section */

/* Begin PBXTargetDependency section */
		F290B7071979D6A500269C33 /* PBXTargetDependency */ = {
			isa = PBXTargetDependency;
			target = F290B6F01979D6A400269C33 /* emptyapp */;
			targetProxy = F290B7061979D6A500269C33 /* PBXContainerItemProxy */;
		};
/* End PBXTargetDependency section */

/* Begin XCBuildConfiguration section */
		F290B6E61979C67E00269C33 /* Debug */ = {
			isa = XCBuildConfiguration;
			buildSettings = {
				IPHONEOS_DEPLOYMENT_TARGET = 8.0;
			};
			name = Debug;
		};
		F290B6E71979C67E00269C33 /* Release */ = {
			isa = XCBuildConfiguration;
			buildSettings = {
				IPHONEOS_DEPLOYMENT_TARGET = 8.0;
			};
			name = Release;
		};
		F290B70E1979D6A500269C33 /* Debug */ = {
			isa = XCBuildConfiguration;
			buildSettings = {
				ALWAYS_SEARCH_USER_PATHS = NO;
				ASSETCATALOG_COMPILER_APPICON_NAME = AppIcon;
				ASSETCATALOG_COMPILER_LAUNCHIMAGE_NAME = LaunchImage;
				CLANG_CXX_LANGUAGE_STANDARD = "gnu++0x";
				CLANG_CXX_LIBRARY = "libc++";
				CLANG_ENABLE_MODULES = YES;
				CLANG_ENABLE_OBJC_ARC = YES;
				CLANG_WARN_BOOL_CONVERSION = YES;
				CLANG_WARN_CONSTANT_CONVERSION = YES;
				CLANG_WARN_DIRECT_OBJC_ISA_USAGE = YES_ERROR;
				CLANG_WARN_EMPTY_BODY = YES;
				CLANG_WARN_ENUM_CONVERSION = YES;
				CLANG_WARN_INT_CONVERSION = YES;
				CLANG_WARN_OBJC_ROOT_CLASS = YES_ERROR;
				CLANG_WARN_UNREACHABLE_CODE = YES;
				CLANG_WARN__DUPLICATE_METHOD_MATCH = YES;
				"CODE_SIGN_IDENTITY[sdk=iphoneos*]" = "iPhone Developer";
				COPY_PHASE_STRIP = NO;
				ENABLE_STRICT_OBJC_MSGSEND = YES;
				GCC_C_LANGUAGE_STANDARD = gnu99;
				GCC_DYNAMIC_NO_PIC = NO;
				GCC_OPTIMIZATION_LEVEL = 0;
				GCC_PREPROCESSOR_DEFINITIONS = (
					"DEBUG=1",
					"$(inherited)",
				);
				GCC_SYMBOLS_PRIVATE_EXTERN = NO;
				GCC_WARN_64_TO_32_BIT_CONVERSION = YES;
				GCC_WARN_ABOUT_RETURN_TYPE = YES_ERROR;
				GCC_WARN_UNDECLARED_SELECTOR = YES;
				GCC_WARN_UNINITIALIZED_AUTOS = YES_AGGRESSIVE;
				GCC_WARN_UNUSED_FUNCTION = YES;
				GCC_WARN_UNUSED_VARIABLE = YES;
				INFOPLIST_FILE = emptyapp/Info.plist;
				IPHONEOS_DEPLOYMENT_TARGET = 8.0;
				LD_RUNPATH_SEARCH_PATHS = "$(inherited) @executable_path/Frameworks";
				MTL_ENABLE_DEBUG_INFO = YES;
				ONLY_ACTIVE_ARCH = YES;
				PRODUCT_NAME = "$(TARGET_NAME)";
				SDKROOT = iphoneos;
				SWIFT_OPTIMIZATION_LEVEL = "-Onone";
				TARGETED_DEVICE_FAMILY = 1;
			};
			name = Debug;
		};
		F290B70F1979D6A500269C33 /* Release */ = {
			isa = XCBuildConfiguration;
			buildSettings = {
				ALWAYS_SEARCH_USER_PATHS = NO;
				ASSETCATALOG_COMPILER_APPICON_NAME = AppIcon;
				ASSETCATALOG_COMPILER_LAUNCHIMAGE_NAME = LaunchImage;
				CLANG_CXX_LANGUAGE_STANDARD = "gnu++0x";
				CLANG_CXX_LIBRARY = "libc++";
				CLANG_ENABLE_MODULES = YES;
				CLANG_ENABLE_OBJC_ARC = YES;
				CLANG_WARN_BOOL_CONVERSION = YES;
				CLANG_WARN_CONSTANT_CONVERSION = YES;
				CLANG_WARN_DIRECT_OBJC_ISA_USAGE = YES_ERROR;
				CLANG_WARN_EMPTY_BODY = YES;
				CLANG_WARN_ENUM_CONVERSION = YES;
				CLANG_WARN_INT_CONVERSION = YES;
				CLANG_WARN_OBJC_ROOT_CLASS = YES_ERROR;
				CLANG_WARN_UNREACHABLE_CODE = YES;
				CLANG_WARN__DUPLICATE_METHOD_MATCH = YES;
				"CODE_SIGN_IDENTITY[sdk=iphoneos*]" = "iPhone Developer";
				COPY_PHASE_STRIP = YES;
				ENABLE_NS_ASSERTIONS = NO;
				ENABLE_STRICT_OBJC_MSGSEND = YES;
				GCC_C_LANGUAGE_STANDARD = gnu99;
				GCC_WARN_64_TO_32_BIT_CONVERSION = YES;
				GCC_WARN_ABOUT_RETURN_TYPE = YES_ERROR;
				GCC_WARN_UNDECLARED_SELECTOR = YES;
				GCC_WARN_UNINITIALIZED_AUTOS = YES_AGGRESSIVE;
				GCC_WARN_UNUSED_FUNCTION = YES;
				GCC_WARN_UNUSED_VARIABLE = YES;
				INFOPLIST_FILE = emptyapp/Info.plist;
				IPHONEOS_DEPLOYMENT_TARGET = 8.0;
				LD_RUNPATH_SEARCH_PATHS = "$(inherited) @executable_path/Frameworks";
				MTL_ENABLE_DEBUG_INFO = NO;
				PRODUCT_NAME = "$(TARGET_NAME)";
				SDKROOT = iphoneos;
				TARGETED_DEVICE_FAMILY = 1;
				VALIDATE_PRODUCT = YES;
			};
			name = Release;
		};
		F290B7111979D6A500269C33 /* Debug */ = {
			isa = XCBuildConfiguration;
			buildSettings = {
				ALWAYS_SEARCH_USER_PATHS = NO;
				BUNDLE_LOADER = "$(BUILT_PRODUCTS_DIR)/emptyapp.app/emptyapp";
				CLANG_CXX_LANGUAGE_STANDARD = "gnu++0x";
				CLANG_CXX_LIBRARY = "libc++";
				CLANG_ENABLE_MODULES = YES;
				CLANG_ENABLE_OBJC_ARC = YES;
				CLANG_WARN_BOOL_CONVERSION = YES;
				CLANG_WARN_CONSTANT_CONVERSION = YES;
				CLANG_WARN_DIRECT_OBJC_ISA_USAGE = YES_ERROR;
				CLANG_WARN_EMPTY_BODY = YES;
				CLANG_WARN_ENUM_CONVERSION = YES;
				CLANG_WARN_INT_CONVERSION = YES;
				CLANG_WARN_OBJC_ROOT_CLASS = YES_ERROR;
				CLANG_WARN_UNREACHABLE_CODE = YES;
				CLANG_WARN__DUPLICATE_METHOD_MATCH = YES;
				COPY_PHASE_STRIP = NO;
				ENABLE_STRICT_OBJC_MSGSEND = YES;
				FRAMEWORK_SEARCH_PATHS = (
					"$(SDKROOT)/Developer/Library/Frameworks",
					"$(inherited)",
				);
				GCC_C_LANGUAGE_STANDARD = gnu99;
				GCC_DYNAMIC_NO_PIC = NO;
				GCC_OPTIMIZATION_LEVEL = 0;
				GCC_PREPROCESSOR_DEFINITIONS = (
					"DEBUG=1",
					"$(inherited)",
				);
				GCC_SYMBOLS_PRIVATE_EXTERN = NO;
				GCC_WARN_64_TO_32_BIT_CONVERSION = YES;
				GCC_WARN_ABOUT_RETURN_TYPE = YES_ERROR;
				GCC_WARN_UNDECLARED_SELECTOR = YES;
				GCC_WARN_UNINITIALIZED_AUTOS = YES_AGGRESSIVE;
				GCC_WARN_UNUSED_FUNCTION = YES;
				GCC_WARN_UNUSED_VARIABLE = YES;
				INFOPLIST_FILE = emptyappTests/Info.plist;
				IPHONEOS_DEPLOYMENT_TARGET = 8.0;
				LD_RUNPATH_SEARCH_PATHS = "$(inherited) @executable_path/Frameworks @loader_path/Frameworks";
				MTL_ENABLE_DEBUG_INFO = YES;
				ONLY_ACTIVE_ARCH = YES;
				PRODUCT_NAME = "$(TARGET_NAME)";
				SDKROOT = iphoneos;
				TEST_HOST = "$(BUNDLE_LOADER)";
			};
			name = Debug;
		};
		F290B7121979D6A500269C33 /* Release */ = {
			isa = XCBuildConfiguration;
			buildSettings = {
				ALWAYS_SEARCH_USER_PATHS = NO;
				BUNDLE_LOADER = "$(BUILT_PRODUCTS_DIR)/emptyapp.app/emptyapp";
				CLANG_CXX_LANGUAGE_STANDARD = "gnu++0x";
				CLANG_CXX_LIBRARY = "libc++";
				CLANG_ENABLE_MODULES = YES;
				CLANG_ENABLE_OBJC_ARC = YES;
				CLANG_WARN_BOOL_CONVERSION = YES;
				CLANG_WARN_CONSTANT_CONVERSION = YES;
				CLANG_WARN_DIRECT_OBJC_ISA_USAGE = YES_ERROR;
				CLANG_WARN_EMPTY_BODY = YES;
				CLANG_WARN_ENUM_CONVERSION = YES;
				CLANG_WARN_INT_CONVERSION = YES;
				CLANG_WARN_OBJC_ROOT_CLASS = YES_ERROR;
				CLANG_WARN_UNREACHABLE_CODE = YES;
				CLANG_WARN__DUPLICATE_METHOD_MATCH = YES;
				COPY_PHASE_STRIP = YES;
				ENABLE_NS_ASSERTIONS = NO;
				ENABLE_STRICT_OBJC_MSGSEND = YES;
				FRAMEWORK_SEARCH_PATHS = (
					"$(SDKROOT)/Developer/Library/Frameworks",
					"$(inherited)",
				);
				GCC_C_LANGUAGE_STANDARD = gnu99;
				GCC_WARN_64_TO_32_BIT_CONVERSION = YES;
				GCC_WARN_ABOUT_RETURN_TYPE = YES_ERROR;
				GCC_WARN_UNDECLARED_SELECTOR = YES;
				GCC_WARN_UNINITIALIZED_AUTOS = YES_AGGRESSIVE;
				GCC_WARN_UNUSED_FUNCTION = YES;
				GCC_WARN_UNUSED_VARIABLE = YES;
				INFOPLIST_FILE = emptyappTests/Info.plist;
				IPHONEOS_DEPLOYMENT_TARGET = 8.0;
				LD_RUNPATH_SEARCH_PATHS = "$(inherited) @executable_path/Frameworks @loader_path/Frameworks";
				MTL_ENABLE_DEBUG_INFO = NO;
				PRODUCT_NAME = "$(TARGET_NAME)";
				SDKROOT = iphoneos;
				TEST_HOST = "$(BUNDLE_LOADER)";
				VALIDATE_PRODUCT = YES;
			};
			name = Release;
		};
/* End XCBuildConfiguration section */

/* Begin XCConfigurationList section */
		F290B6E51979C67E00269C33 /* Build configuration list for PBXProject "emptyapp" */ = {
			isa = XCConfigurationList;
			buildConfigurations = (
				F290B6E61979C67E00269C33 /* Debug */,
				F290B6E71979C67E00269C33 /* Release */,
			);
			defaultConfigurationIsVisible = 0;
			defaultConfigurationName = Release;
		};
		F290B70D1979D6A500269C33 /* Build configuration list for PBXNativeTarget "emptyapp" */ = {
			isa = XCConfigurationList;
			buildConfigurations = (
				F290B70E1979D6A500269C33 /* Debug */,
				F290B70F1979D6A500269C33 /* Release */,
			);
			defaultConfigurationIsVisible = 0;
			defaultConfigurationName = Release;
		};
		F290B7101979D6A500269C33 /* Build configuration list for PBXNativeTarget "emptyappTests" */ = {
			isa = XCConfigurationList;
			buildConfigurations = (
				F290B7111979D6A500269C33 /* Debug */,
				F290B7121979D6A500269C33 /* Release */,
			);
			defaultConfigurationIsVisible = 0;
			defaultConfigurationName = Release;
		};
/* End XCConfigurationList section */
	};
	rootObject = F290B6E21979C67E00269C33 /* Project object */;
}
