// !$*UTF8*$!
{
	archiveVersion = 1;
	classes = {
	};
	objectVersion = 46;
	objects = {

/* Begin PBXBuildFile section */
		F2397D891AFC214100DAFA88 /* AppDelegate.swift in Sources */ = {isa = PBXBuildFile; fileRef = F2397D881AFC214100DAFA88 /* AppDelegate.swift */; };
		F2397D8B1AFC214100DAFA88 /* MasterViewController.swift in Sources */ = {isa = PBXBuildFile; fileRef = F2397D8A1AFC214100DAFA88 /* MasterViewController.swift */; };
		F2397D8D1AFC214100DAFA88 /* DetailViewController.swift in Sources */ = {isa = PBXBuildFile; fileRef = F2397D8C1AFC214100DAFA88 /* DetailViewController.swift */; };
		F2397D901AFC214100DAFA88 /* Main.storyboard in Resources */ = {isa = PBXBuildFile; fileRef = F2397D8E1AFC214100DAFA88 /* Main.storyboard */; };
		F2397D921AFC214100DAFA88 /* Images.xcassets in Resources */ = {isa = PBXBuildFile; fileRef = F2397D911AFC214100DAFA88 /* Images.xcassets */; };
		F2397D951AFC214100DAFA88 /* LaunchScreen.xib in Resources */ = {isa = PBXBuildFile; fileRef = F2397D931AFC214100DAFA88 /* LaunchScreen.xib */; };
		F2397DA11AFC214100DAFA88 /* masterviewhowTests.swift in Sources */ = {isa = PBXBuildFile; fileRef = F2397DA01AFC214100DAFA88 /* masterviewhowTests.swift */; };
/* End PBXBuildFile section */

/* Begin PBXContainerItemProxy section */
		F2397D9B1AFC214100DAFA88 /* PBXContainerItemProxy */ = {
			isa = PBXContainerItemProxy;
			containerPortal = F2397D7B1AFC214100DAFA88 /* Project object */;
			proxyType = 1;
			remoteGlobalIDString = F2397D821AFC214100DAFA88;
			remoteInfo = masterviewhow;
		};
/* End PBXContainerItemProxy section */

/* Begin PBXFileReference section */
		F2397D831AFC214100DAFA88 /* masterviewhow.app */ = {isa = PBXFileReference; explicitFileType = wrapper.application; includeInIndex = 0; path = masterviewhow.app; sourceTree = BUILT_PRODUCTS_DIR; };
		F2397D871AFC214100DAFA88 /* Info.plist */ = {isa = PBXFileReference; lastKnownFileType = text.plist.xml; path = Info.plist; sourceTree = "<group>"; };
		F2397D881AFC214100DAFA88 /* AppDelegate.swift */ = {isa = PBXFileReference; lastKnownFileType = sourcecode.swift; path = AppDelegate.swift; sourceTree = "<group>"; };
		F2397D8A1AFC214100DAFA88 /* MasterViewController.swift */ = {isa = PBXFileReference; lastKnownFileType = sourcecode.swift; path = MasterViewController.swift; sourceTree = "<group>"; };
		F2397D8C1AFC214100DAFA88 /* DetailViewController.swift */ = {isa = PBXFileReference; lastKnownFileType = sourcecode.swift; path = DetailViewController.swift; sourceTree = "<group>"; };
		F2397D8F1AFC214100DAFA88 /* Base */ = {isa = PBXFileReference; lastKnownFileType = file.storyboard; name = Base; path = Base.lproj/Main.storyboard; sourceTree = "<group>"; };
		F2397D911AFC214100DAFA88 /* Images.xcassets */ = {isa = PBXFileReference; lastKnownFileType = folder.assetcatalog; path = Images.xcassets; sourceTree = "<group>"; };
		F2397D941AFC214100DAFA88 /* Base */ = {isa = PBXFileReference; lastKnownFileType = file.xib; name = Base; path = Base.lproj/LaunchScreen.xib; sourceTree = "<group>"; };
		F2397D9A1AFC214100DAFA88 /* masterviewhowTests.xctest */ = {isa = PBXFileReference; explicitFileType = wrapper.cfbundle; includeInIndex = 0; path = masterviewhowTests.xctest; sourceTree = BUILT_PRODUCTS_DIR; };
		F2397D9F1AFC214100DAFA88 /* Info.plist */ = {isa = PBXFileReference; lastKnownFileType = text.plist.xml; path = Info.plist; sourceTree = "<group>"; };
		F2397DA01AFC214100DAFA88 /* masterviewhowTests.swift */ = {isa = PBXFileReference; lastKnownFileType = sourcecode.swift; path = masterviewhowTests.swift; sourceTree = "<group>"; };
/* End PBXFileReference section */

/* Begin PBXFrameworksBuildPhase section */
		F2397D801AFC214100DAFA88 /* Frameworks */ = {
			isa = PBXFrameworksBuildPhase;
			buildActionMask = 2147483647;
			files = (
			);
			runOnlyForDeploymentPostprocessing = 0;
		};
		F2397D971AFC214100DAFA88 /* Frameworks */ = {
			isa = PBXFrameworksBuildPhase;
			buildActionMask = 2147483647;
			files = (
			);
			runOnlyForDeploymentPostprocessing = 0;
		};
/* End PBXFrameworksBuildPhase section */

/* Begin PBXGroup section */
		F2397D7A1AFC214100DAFA88 = {
			isa = PBXGroup;
			children = (
				F2397D851AFC214100DAFA88 /* masterviewhow */,
				F2397D9D1AFC214100DAFA88 /* masterviewhowTests */,
				F2397D841AFC214100DAFA88 /* Products */,
			);
			sourceTree = "<group>";
		};
		F2397D841AFC214100DAFA88 /* Products */ = {
			isa = PBXGroup;
			children = (
				F2397D831AFC214100DAFA88 /* masterviewhow.app */,
				F2397D9A1AFC214100DAFA88 /* masterviewhowTests.xctest */,
			);
			name = Products;
			sourceTree = "<group>";
		};
		F2397D851AFC214100DAFA88 /* masterviewhow */ = {
			isa = PBXGroup;
			children = (
				F2397D881AFC214100DAFA88 /* AppDelegate.swift */,
				F2397D8A1AFC214100DAFA88 /* MasterViewController.swift */,
				F2397D8C1AFC214100DAFA88 /* DetailViewController.swift */,
				F2397D8E1AFC214100DAFA88 /* Main.storyboard */,
				F2397D911AFC214100DAFA88 /* Images.xcassets */,
				F2397D931AFC214100DAFA88 /* LaunchScreen.xib */,
				F2397D861AFC214100DAFA88 /* Supporting Files */,
			);
			path = masterviewhow;
			sourceTree = "<group>";
		};
		F2397D861AFC214100DAFA88 /* Supporting Files */ = {
			isa = PBXGroup;
			children = (
				F2397D871AFC214100DAFA88 /* Info.plist */,
			);
			name = "Supporting Files";
			sourceTree = "<group>";
		};
		F2397D9D1AFC214100DAFA88 /* masterviewhowTests */ = {
			isa = PBXGroup;
			children = (
				F2397DA01AFC214100DAFA88 /* masterviewhowTests.swift */,
				F2397D9E1AFC214100DAFA88 /* Supporting Files */,
			);
			path = masterviewhowTests;
			sourceTree = "<group>";
		};
		F2397D9E1AFC214100DAFA88 /* Supporting Files */ = {
			isa = PBXGroup;
			children = (
				F2397D9F1AFC214100DAFA88 /* Info.plist */,
			);
			name = "Supporting Files";
			sourceTree = "<group>";
		};
/* End PBXGroup section */

/* Begin PBXNativeTarget section */
		F2397D821AFC214100DAFA88 /* masterviewhow */ = {
			isa = PBXNativeTarget;
			buildConfigurationList = F2397DA41AFC214100DAFA88 /* Build configuration list for PBXNativeTarget "masterviewhow" */;
			buildPhases = (
				F2397D7F1AFC214100DAFA88 /* Sources */,
				F2397D801AFC214100DAFA88 /* Frameworks */,
				F2397D811AFC214100DAFA88 /* Resources */,
			);
			buildRules = (
			);
			dependencies = (
			);
			name = masterviewhow;
			productName = masterviewhow;
			productReference = F2397D831AFC214100DAFA88 /* masterviewhow.app */;
			productType = "com.apple.product-type.application";
		};
		F2397D991AFC214100DAFA88 /* masterviewhowTests */ = {
			isa = PBXNativeTarget;
			buildConfigurationList = F2397DA71AFC214100DAFA88 /* Build configuration list for PBXNativeTarget "masterviewhowTests" */;
			buildPhases = (
				F2397D961AFC214100DAFA88 /* Sources */,
				F2397D971AFC214100DAFA88 /* Frameworks */,
				F2397D981AFC214100DAFA88 /* Resources */,
			);
			buildRules = (
			);
			dependencies = (
				F2397D9C1AFC214100DAFA88 /* PBXTargetDependency */,
			);
			name = masterviewhowTests;
			productName = masterviewhowTests;
			productReference = F2397D9A1AFC214100DAFA88 /* masterviewhowTests.xctest */;
			productType = "com.apple.product-type.bundle.unit-test";
		};
/* End PBXNativeTarget section */

/* Begin PBXProject section */
		F2397D7B1AFC214100DAFA88 /* Project object */ = {
			isa = PBXProject;
			attributes = {
				LastUpgradeCheck = 0630;
				ORGANIZATIONNAME = "Gina Hagg";
				TargetAttributes = {
					F2397D821AFC214100DAFA88 = {
						CreatedOnToolsVersion = 6.3;
					};
					F2397D991AFC214100DAFA88 = {
						CreatedOnToolsVersion = 6.3;
						TestTargetID = F2397D821AFC214100DAFA88;
					};
				};
			};
			buildConfigurationList = F2397D7E1AFC214100DAFA88 /* Build configuration list for PBXProject "masterviewhow" */;
			compatibilityVersion = "Xcode 3.2";
			developmentRegion = English;
			hasScannedForEncodings = 0;
			knownRegions = (
				en,
				Base,
			);
			mainGroup = F2397D7A1AFC214100DAFA88;
			productRefGroup = F2397D841AFC214100DAFA88 /* Products */;
			projectDirPath = "";
			projectRoot = "";
			targets = (
				F2397D821AFC214100DAFA88 /* masterviewhow */,
				F2397D991AFC214100DAFA88 /* masterviewhowTests */,
			);
		};
/* End PBXProject section */

/* Begin PBXResourcesBuildPhase section */
		F2397D811AFC214100DAFA88 /* Resources */ = {
			isa = PBXResourcesBuildPhase;
			buildActionMask = 2147483647;
			files = (
				F2397D901AFC214100DAFA88 /* Main.storyboard in Resources */,
				F2397D951AFC214100DAFA88 /* LaunchScreen.xib in Resources */,
				F2397D921AFC214100DAFA88 /* Images.xcassets in Resources */,
			);
			runOnlyForDeploymentPostprocessing = 0;
		};
		F2397D981AFC214100DAFA88 /* Resources */ = {
			isa = PBXResourcesBuildPhase;
			buildActionMask = 2147483647;
			files = (
			);
			runOnlyForDeploymentPostprocessing = 0;
		};
/* End PBXResourcesBuildPhase section */

/* Begin PBXSourcesBuildPhase section */
		F2397D7F1AFC214100DAFA88 /* Sources */ = {
			isa = PBXSourcesBuildPhase;
			buildActionMask = 2147483647;
			files = (
				F2397D8D1AFC214100DAFA88 /* DetailViewController.swift in Sources */,
				F2397D8B1AFC214100DAFA88 /* MasterViewController.swift in Sources */,
				F2397D891AFC214100DAFA88 /* AppDelegate.swift in Sources */,
			);
			runOnlyForDeploymentPostprocessing = 0;
		};
		F2397D961AFC214100DAFA88 /* Sources */ = {
			isa = PBXSourcesBuildPhase;
			buildActionMask = 2147483647;
			files = (
				F2397DA11AFC214100DAFA88 /* masterviewhowTests.swift in Sources */,
			);
			runOnlyForDeploymentPostprocessing = 0;
		};
/* End PBXSourcesBuildPhase section */

/* Begin PBXTargetDependency section */
		F2397D9C1AFC214100DAFA88 /* PBXTargetDependency */ = {
			isa = PBXTargetDependency;
			target = F2397D821AFC214100DAFA88 /* masterviewhow */;
			targetProxy = F2397D9B1AFC214100DAFA88 /* PBXContainerItemProxy */;
		};
/* End PBXTargetDependency section */

/* Begin PBXVariantGroup section */
		F2397D8E1AFC214100DAFA88 /* Main.storyboard */ = {
			isa = PBXVariantGroup;
			children = (
				F2397D8F1AFC214100DAFA88 /* Base */,
			);
			name = Main.storyboard;
			sourceTree = "<group>";
		};
		F2397D931AFC214100DAFA88 /* LaunchScreen.xib */ = {
			isa = PBXVariantGroup;
			children = (
				F2397D941AFC214100DAFA88 /* Base */,
			);
			name = LaunchScreen.xib;
			sourceTree = "<group>";
		};
/* End PBXVariantGroup section */

/* Begin XCBuildConfiguration section */
		F2397DA21AFC214100DAFA88 /* Debug */ = {
			isa = XCBuildConfiguration;
			buildSettings = {
				ALWAYS_SEARCH_USER_PATHS = NO;
				CLANG_CXX_LANGUAGE_STANDARD = "gnu++0x";
				CLANG_CXX_LIBRARY = "libc++";
				CLANG_ENABLE_MODULES = YES;
				CLANG_ENABLE_OBJC_ARC = YES;
				CLANG_WARN_BOOL_CONVERSION = YES;
				CLANG_WARN_CONSTANT_CONVERSION = YES;
				CLANG_WARN_DIRECT_OBJC_ISA_USAGE = YES_ERROR;
				CLANG_WARN_EMPTY_BODY = YES;
				CLANG_WARN_ENUM_CONVERSION = YES;
				CLANG_WARN_INT_CONVERSION = YES;
				CLANG_WARN_OBJC_ROOT_CLASS = YES_ERROR;
				CLANG_WARN_UNREACHABLE_CODE = YES;
				CLANG_WARN__DUPLICATE_METHOD_MATCH = YES;
				"CODE_SIGN_IDENTITY[sdk=iphoneos*]" = "iPhone Developer";
				COPY_PHASE_STRIP = NO;
				DEBUG_INFORMATION_FORMAT = "dwarf-with-dsym";
				ENABLE_STRICT_OBJC_MSGSEND = YES;
				GCC_C_LANGUAGE_STANDARD = gnu99;
				GCC_DYNAMIC_NO_PIC = NO;
				GCC_NO_COMMON_BLOCKS = YES;
				GCC_OPTIMIZATION_LEVEL = 0;
				GCC_PREPROCESSOR_DEFINITIONS = (
					"DEBUG=1",
					"$(inherited)",
				);
				GCC_SYMBOLS_PRIVATE_EXTERN = NO;
				GCC_WARN_64_TO_32_BIT_CONVERSION = YES;
				GCC_WARN_ABOUT_RETURN_TYPE = YES_ERROR;
				GCC_WARN_UNDECLARED_SELECTOR = YES;
				GCC_WARN_UNINITIALIZED_AUTOS = YES_AGGRESSIVE;
				GCC_WARN_UNUSED_FUNCTION = YES;
				GCC_WARN_UNUSED_VARIABLE = YES;
				IPHONEOS_DEPLOYMENT_TARGET = 8.3;
				MTL_ENABLE_DEBUG_INFO = YES;
				ONLY_ACTIVE_ARCH = YES;
				SDKROOT = iphoneos;
				SWIFT_OPTIMIZATION_LEVEL = "-Onone";
				TARGETED_DEVICE_FAMILY = "1,2";
			};
			name = Debug;
		};
		F2397DA31AFC214100DAFA88 /* Release */ = {
			isa = XCBuildConfiguration;
			buildSettings = {
				ALWAYS_SEARCH_USER_PATHS = NO;
				CLANG_CXX_LANGUAGE_STANDARD = "gnu++0x";
				CLANG_CXX_LIBRARY = "libc++";
				CLANG_ENABLE_MODULES = YES;
				CLANG_ENABLE_OBJC_ARC = YES;
				CLANG_WARN_BOOL_CONVERSION = YES;
				CLANG_WARN_CONSTANT_CONVERSION = YES;
				CLANG_WARN_DIRECT_OBJC_ISA_USAGE = YES_ERROR;
				CLANG_WARN_EMPTY_BODY = YES;
				CLANG_WARN_ENUM_CONVERSION = YES;
				CLANG_WARN_INT_CONVERSION = YES;
				CLANG_WARN_OBJC_ROOT_CLASS = YES_ERROR;
				CLANG_WARN_UNREACHABLE_CODE = YES;
				CLANG_WARN__DUPLICATE_METHOD_MATCH = YES;
				"CODE_SIGN_IDENTITY[sdk=iphoneos*]" = "iPhone Developer";
				COPY_PHASE_STRIP = NO;
				DEBUG_INFORMATION_FORMAT = "dwarf-with-dsym";
				ENABLE_NS_ASSERTIONS = NO;
				ENABLE_STRICT_OBJC_MSGSEND = YES;
				GCC_C_LANGUAGE_STANDARD = gnu99;
				GCC_NO_COMMON_BLOCKS = YES;
				GCC_WARN_64_TO_32_BIT_CONVERSION = YES;
				GCC_WARN_ABOUT_RETURN_TYPE = YES_ERROR;
				GCC_WARN_UNDECLARED_SELECTOR = YES;
				GCC_WARN_UNINITIALIZED_AUTOS = YES_AGGRESSIVE;
				GCC_WARN_UNUSED_FUNCTION = YES;
				GCC_WARN_UNUSED_VARIABLE = YES;
				IPHONEOS_DEPLOYMENT_TARGET = 8.3;
				MTL_ENABLE_DEBUG_INFO = NO;
				SDKROOT = iphoneos;
				TARGETED_DEVICE_FAMILY = "1,2";
				VALIDATE_PRODUCT = YES;
			};
			name = Release;
		};
		F2397DA51AFC214100DAFA88 /* Debug */ = {
			isa = XCBuildConfiguration;
			buildSettings = {
				ASSETCATALOG_COMPILER_APPICON_NAME = AppIcon;
				INFOPLIST_FILE = masterviewhow/Info.plist;
				LD_RUNPATH_SEARCH_PATHS = "$(inherited) @executable_path/Frameworks";
				PRODUCT_NAME = "$(TARGET_NAME)";
			};
			name = Debug;
		};
		F2397DA61AFC214100DAFA88 /* Release */ = {
			isa = XCBuildConfiguration;
			buildSettings = {
				ASSETCATALOG_COMPILER_APPICON_NAME = AppIcon;
				INFOPLIST_FILE = masterviewhow/Info.plist;
				LD_RUNPATH_SEARCH_PATHS = "$(inherited) @executable_path/Frameworks";
				PRODUCT_NAME = "$(TARGET_NAME)";
			};
			name = Release;
		};
		F2397DA81AFC214100DAFA88 /* Debug */ = {
			isa = XCBuildConfiguration;
			buildSettings = {
				BUNDLE_LOADER = "$(TEST_HOST)";
				FRAMEWORK_SEARCH_PATHS = (
					"$(SDKROOT)/Developer/Library/Frameworks",
					"$(inherited)",
				);
				GCC_PREPROCESSOR_DEFINITIONS = (
					"DEBUG=1",
					"$(inherited)",
				);
				INFOPLIST_FILE = masterviewhowTests/Info.plist;
				LD_RUNPATH_SEARCH_PATHS = "$(inherited) @executable_path/Frameworks @loader_path/Frameworks";
				PRODUCT_NAME = "$(TARGET_NAME)";
				TEST_HOST = "$(BUILT_PRODUCTS_DIR)/masterviewhow.app/masterviewhow";
			};
			name = Debug;
		};
		F2397DA91AFC214100DAFA88 /* Release */ = {
			isa = XCBuildConfiguration;
			buildSettings = {
				BUNDLE_LOADER = "$(TEST_HOST)";
				FRAMEWORK_SEARCH_PATHS = (
					"$(SDKROOT)/Developer/Library/Frameworks",
					"$(inherited)",
				);
				INFOPLIST_FILE = masterviewhowTests/Info.plist;
				LD_RUNPATH_SEARCH_PATHS = "$(inherited) @executable_path/Frameworks @loader_path/Frameworks";
				PRODUCT_NAME = "$(TARGET_NAME)";
				TEST_HOST = "$(BUILT_PRODUCTS_DIR)/masterviewhow.app/masterviewhow";
			};
			name = Release;
		};
/* End XCBuildConfiguration section */

/* Begin XCConfigurationList section */
		F2397D7E1AFC214100DAFA88 /* Build configuration list for PBXProject "masterviewhow" */ = {
			isa = XCConfigurationList;
			buildConfigurations = (
				F2397DA21AFC214100DAFA88 /* Debug */,
				F2397DA31AFC214100DAFA88 /* Release */,
			);
			defaultConfigurationIsVisible = 0;
			defaultConfigurationName = Release;
		};
		F2397DA41AFC214100DAFA88 /* Build configuration list for PBXNativeTarget "masterviewhow" */ = {
			isa = XCConfigurationList;
			buildConfigurations = (
				F2397DA51AFC214100DAFA88 /* Debug */,
				F2397DA61AFC214100DAFA88 /* Release */,
			);
			defaultConfigurationIsVisible = 0;
		};
		F2397DA71AFC214100DAFA88 /* Build configuration list for PBXNativeTarget "masterviewhowTests" */ = {
			isa = XCConfigurationList;
			buildConfigurations = (
				F2397DA81AFC214100DAFA88 /* Debug */,
				F2397DA91AFC214100DAFA88 /* Release */,
			);
			defaultConfigurationIsVisible = 0;
		};
/* End XCConfigurationList section */
	};
	rootObject = F2397D7B1AFC214100DAFA88 /* Project object */;
}
