// !$*UTF8*$!
{
	archiveVersion = 1;
	classes = {
	};
	objectVersion = 46;
	objects = {

/* Begin PBXBuildFile section */
		F28F4A9B1ACCC90500226595 /* AppDelegate.swift in Sources */ = {isa = PBXBuildFile; fileRef = F28F4A9A1ACCC90500226595 /* AppDelegate.swift */; };
		F28F4A9D1ACCC90500226595 /* ViewController.swift in Sources */ = {isa = PBXBuildFile; fileRef = F28F4A9C1ACCC90500226595 /* ViewController.swift */; };
		F28F4AA01ACCC90500226595 /* Main.storyboard in Resources */ = {isa = PBXBuildFile; fileRef = F28F4A9E1ACCC90500226595 /* Main.storyboard */; };
		F28F4AA21ACCC90500226595 /* Images.xcassets in Resources */ = {isa = PBXBuildFile; fileRef = F28F4AA11ACCC90500226595 /* Images.xcassets */; };
		F28F4AA51ACCC90500226595 /* LaunchScreen.xib in Resources */ = {isa = PBXBuildFile; fileRef = F28F4AA31ACCC90500226595 /* LaunchScreen.xib */; };
		F28F4AB11ACCC90500226595 /* msgeasierTests.swift in Sources */ = {isa = PBXBuildFile; fileRef = F28F4AB01ACCC90500226595 /* msgeasierTests.swift */; };
/* End PBXBuildFile section */

/* Begin PBXContainerItemProxy section */
		F28F4AAB1ACCC90500226595 /* PBXContainerItemProxy */ = {
			isa = PBXContainerItemProxy;
			containerPortal = F28F4A8D1ACCC90400226595 /* Project object */;
			proxyType = 1;
			remoteGlobalIDString = F28F4A941ACCC90400226595;
			remoteInfo = msgeasier;
		};
/* End PBXContainerItemProxy section */

/* Begin PBXFileReference section */
		F28F4A951ACCC90500226595 /* msgeasier.app */ = {isa = PBXFileReference; explicitFileType = wrapper.application; includeInIndex = 0; path = msgeasier.app; sourceTree = BUILT_PRODUCTS_DIR; };
		F28F4A991ACCC90500226595 /* Info.plist */ = {isa = PBXFileReference; lastKnownFileType = text.plist.xml; path = Info.plist; sourceTree = "<group>"; };
		F28F4A9A1ACCC90500226595 /* AppDelegate.swift */ = {isa = PBXFileReference; lastKnownFileType = sourcecode.swift; path = AppDelegate.swift; sourceTree = "<group>"; };
		F28F4A9C1ACCC90500226595 /* ViewController.swift */ = {isa = PBXFileReference; lastKnownFileType = sourcecode.swift; path = ViewController.swift; sourceTree = "<group>"; };
		F28F4A9F1ACCC90500226595 /* Base */ = {isa = PBXFileReference; lastKnownFileType = file.storyboard; name = Base; path = Base.lproj/Main.storyboard; sourceTree = "<group>"; };
		F28F4AA11ACCC90500226595 /* Images.xcassets */ = {isa = PBXFileReference; lastKnownFileType = folder.assetcatalog; path = Images.xcassets; sourceTree = "<group>"; };
		F28F4AA41ACCC90500226595 /* Base */ = {isa = PBXFileReference; lastKnownFileType = file.xib; name = Base; path = Base.lproj/LaunchScreen.xib; sourceTree = "<group>"; };
		F28F4AAA1ACCC90500226595 /* msgeasierTests.xctest */ = {isa = PBXFileReference; explicitFileType = wrapper.cfbundle; includeInIndex = 0; path = msgeasierTests.xctest; sourceTree = BUILT_PRODUCTS_DIR; };
		F28F4AAF1ACCC90500226595 /* Info.plist */ = {isa = PBXFileReference; lastKnownFileType = text.plist.xml; path = Info.plist; sourceTree = "<group>"; };
		F28F4AB01ACCC90500226595 /* msgeasierTests.swift */ = {isa = PBXFileReference; lastKnownFileType = sourcecode.swift; path = msgeasierTests.swift; sourceTree = "<group>"; };
/* End PBXFileReference section */

/* Begin PBXFrameworksBuildPhase section */
		F28F4A921ACCC90400226595 /* Frameworks */ = {
			isa = PBXFrameworksBuildPhase;
			buildActionMask = 2147483647;
			files = (
			);
			runOnlyForDeploymentPostprocessing = 0;
		};
		F28F4AA71ACCC90500226595 /* Frameworks */ = {
			isa = PBXFrameworksBuildPhase;
			buildActionMask = 2147483647;
			files = (
			);
			runOnlyForDeploymentPostprocessing = 0;
		};
/* End PBXFrameworksBuildPhase section */

/* Begin PBXGroup section */
		F28F4A8C1ACCC90400226595 = {
			isa = PBXGroup;
			children = (
				F28F4A971ACCC90500226595 /* msgeasier */,
				F28F4AAD1ACCC90500226595 /* msgeasierTests */,
				F28F4A961ACCC90500226595 /* Products */,
			);
			sourceTree = "<group>";
		};
		F28F4A961ACCC90500226595 /* Products */ = {
			isa = PBXGroup;
			children = (
				F28F4A951ACCC90500226595 /* msgeasier.app */,
				F28F4AAA1ACCC90500226595 /* msgeasierTests.xctest */,
			);
			name = Products;
			sourceTree = "<group>";
		};
		F28F4A971ACCC90500226595 /* msgeasier */ = {
			isa = PBXGroup;
			children = (
				F28F4A9A1ACCC90500226595 /* AppDelegate.swift */,
				F28F4A9C1ACCC90500226595 /* ViewController.swift */,
				F28F4A9E1ACCC90500226595 /* Main.storyboard */,
				F28F4AA11ACCC90500226595 /* Images.xcassets */,
				F28F4AA31ACCC90500226595 /* LaunchScreen.xib */,
				F28F4A981ACCC90500226595 /* Supporting Files */,
			);
			path = msgeasier;
			sourceTree = "<group>";
		};
		F28F4A981ACCC90500226595 /* Supporting Files */ = {
			isa = PBXGroup;
			children = (
				F28F4A991ACCC90500226595 /* Info.plist */,
			);
			name = "Supporting Files";
			sourceTree = "<group>";
		};
		F28F4AAD1ACCC90500226595 /* msgeasierTests */ = {
			isa = PBXGroup;
			children = (
				F28F4AB01ACCC90500226595 /* msgeasierTests.swift */,
				F28F4AAE1ACCC90500226595 /* Supporting Files */,
			);
			path = msgeasierTests;
			sourceTree = "<group>";
		};
		F28F4AAE1ACCC90500226595 /* Supporting Files */ = {
			isa = PBXGroup;
			children = (
				F28F4AAF1ACCC90500226595 /* Info.plist */,
			);
			name = "Supporting Files";
			sourceTree = "<group>";
		};
/* End PBXGroup section */

/* Begin PBXNativeTarget section */
		F28F4A941ACCC90400226595 /* msgeasier */ = {
			isa = PBXNativeTarget;
			buildConfigurationList = F28F4AB41ACCC90500226595 /* Build configuration list for PBXNativeTarget "msgeasier" */;
			buildPhases = (
				F28F4A911ACCC90400226595 /* Sources */,
				F28F4A921ACCC90400226595 /* Frameworks */,
				F28F4A931ACCC90400226595 /* Resources */,
			);
			buildRules = (
			);
			dependencies = (
			);
			name = msgeasier;
			productName = msgeasier;
			productReference = F28F4A951ACCC90500226595 /* msgeasier.app */;
			productType = "com.apple.product-type.application";
		};
		F28F4AA91ACCC90500226595 /* msgeasierTests */ = {
			isa = PBXNativeTarget;
			buildConfigurationList = F28F4AB71ACCC90500226595 /* Build configuration list for PBXNativeTarget "msgeasierTests" */;
			buildPhases = (
				F28F4AA61ACCC90500226595 /* Sources */,
				F28F4AA71ACCC90500226595 /* Frameworks */,
				F28F4AA81ACCC90500226595 /* Resources */,
			);
			buildRules = (
			);
			dependencies = (
				F28F4AAC1ACCC90500226595 /* PBXTargetDependency */,
			);
			name = msgeasierTests;
			productName = msgeasierTests;
			productReference = F28F4AAA1ACCC90500226595 /* msgeasierTests.xctest */;
			productType = "com.apple.product-type.bundle.unit-test";
		};
/* End PBXNativeTarget section */

/* Begin PBXProject section */
		F28F4A8D1ACCC90400226595 /* Project object */ = {
			isa = PBXProject;
			attributes = {
				LastUpgradeCheck = 0620;
				ORGANIZATIONNAME = "Gina Hagg";
				TargetAttributes = {
					F28F4A941ACCC90400226595 = {
						CreatedOnToolsVersion = 6.2;
					};
					F28F4AA91ACCC90500226595 = {
						CreatedOnToolsVersion = 6.2;
						TestTargetID = F28F4A941ACCC90400226595;
					};
				};
			};
			buildConfigurationList = F28F4A901ACCC90400226595 /* Build configuration list for PBXProject "msgeasier" */;
			compatibilityVersion = "Xcode 3.2";
			developmentRegion = English;
			hasScannedForEncodings = 0;
			knownRegions = (
				en,
				Base,
			);
			mainGroup = F28F4A8C1ACCC90400226595;
			productRefGroup = F28F4A961ACCC90500226595 /* Products */;
			projectDirPath = "";
			projectRoot = "";
			targets = (
				F28F4A941ACCC90400226595 /* msgeasier */,
				F28F4AA91ACCC90500226595 /* msgeasierTests */,
			);
		};
/* End PBXProject section */

/* Begin PBXResourcesBuildPhase section */
		F28F4A931ACCC90400226595 /* Resources */ = {
			isa = PBXResourcesBuildPhase;
			buildActionMask = 2147483647;
			files = (
				F28F4AA01ACCC90500226595 /* Main.storyboard in Resources */,
				F28F4AA51ACCC90500226595 /* LaunchScreen.xib in Resources */,
				F28F4AA21ACCC90500226595 /* Images.xcassets in Resources */,
			);
			runOnlyForDeploymentPostprocessing = 0;
		};
		F28F4AA81ACCC90500226595 /* Resources */ = {
			isa = PBXResourcesBuildPhase;
			buildActionMask = 2147483647;
			files = (
			);
			runOnlyForDeploymentPostprocessing = 0;
		};
/* End PBXResourcesBuildPhase section */

/* Begin PBXSourcesBuildPhase section */
		F28F4A911ACCC90400226595 /* Sources */ = {
			isa = PBXSourcesBuildPhase;
			buildActionMask = 2147483647;
			files = (
				F28F4A9D1ACCC90500226595 /* ViewController.swift in Sources */,
				F28F4A9B1ACCC90500226595 /* AppDelegate.swift in Sources */,
			);
			runOnlyForDeploymentPostprocessing = 0;
		};
		F28F4AA61ACCC90500226595 /* Sources */ = {
			isa = PBXSourcesBuildPhase;
			buildActionMask = 2147483647;
			files = (
				F28F4AB11ACCC90500226595 /* msgeasierTests.swift in Sources */,
			);
			runOnlyForDeploymentPostprocessing = 0;
		};
/* End PBXSourcesBuildPhase section */

/* Begin PBXTargetDependency section */
		F28F4AAC1ACCC90500226595 /* PBXTargetDependency */ = {
			isa = PBXTargetDependency;
			target = F28F4A941ACCC90400226595 /* msgeasier */;
			targetProxy = F28F4AAB1ACCC90500226595 /* PBXContainerItemProxy */;
		};
/* End PBXTargetDependency section */

/* Begin PBXVariantGroup section */
		F28F4A9E1ACCC90500226595 /* Main.storyboard */ = {
			isa = PBXVariantGroup;
			children = (
				F28F4A9F1ACCC90500226595 /* Base */,
			);
			name = Main.storyboard;
			sourceTree = "<group>";
		};
		F28F4AA31ACCC90500226595 /* LaunchScreen.xib */ = {
			isa = PBXVariantGroup;
			children = (
				F28F4AA41ACCC90500226595 /* Base */,
			);
			name = LaunchScreen.xib;
			sourceTree = "<group>";
		};
/* End PBXVariantGroup section */

/* Begin XCBuildConfiguration section */
		F28F4AB21ACCC90500226595 /* Debug */ = {
			isa = XCBuildConfiguration;
			buildSettings = {
				ALWAYS_SEARCH_USER_PATHS = NO;
				CLANG_CXX_LANGUAGE_STANDARD = "gnu++0x";
				CLANG_CXX_LIBRARY = "libc++";
				CLANG_ENABLE_MODULES = YES;
				CLANG_ENABLE_OBJC_ARC = YES;
				CLANG_WARN_BOOL_CONVERSION = YES;
				CLANG_WARN_CONSTANT_CONVERSION = YES;
				CLANG_WARN_DIRECT_OBJC_ISA_USAGE = YES_ERROR;
				CLANG_WARN_EMPTY_BODY = YES;
				CLANG_WARN_ENUM_CONVERSION = YES;
				CLANG_WARN_INT_CONVERSION = YES;
				CLANG_WARN_OBJC_ROOT_CLASS = YES_ERROR;
				CLANG_WARN_UNREACHABLE_CODE = YES;
				CLANG_WARN__DUPLICATE_METHOD_MATCH = YES;
				"CODE_SIGN_IDENTITY[sdk=iphoneos*]" = "iPhone Developer";
				COPY_PHASE_STRIP = NO;
				ENABLE_STRICT_OBJC_MSGSEND = YES;
				GCC_C_LANGUAGE_STANDARD = gnu99;
				GCC_DYNAMIC_NO_PIC = NO;
				GCC_OPTIMIZATION_LEVEL = 0;
				GCC_PREPROCESSOR_DEFINITIONS = (
					"DEBUG=1",
					"$(inherited)",
				);
				GCC_SYMBOLS_PRIVATE_EXTERN = NO;
				GCC_WARN_64_TO_32_BIT_CONVERSION = YES;
				GCC_WARN_ABOUT_RETURN_TYPE = YES_ERROR;
				GCC_WARN_UNDECLARED_SELECTOR = YES;
				GCC_WARN_UNINITIALIZED_AUTOS = YES_AGGRESSIVE;
				GCC_WARN_UNUSED_FUNCTION = YES;
				GCC_WARN_UNUSED_VARIABLE = YES;
				IPHONEOS_DEPLOYMENT_TARGET = 8.2;
				MTL_ENABLE_DEBUG_INFO = YES;
				ONLY_ACTIVE_ARCH = YES;
				SDKROOT = iphoneos;
				SWIFT_OPTIMIZATION_LEVEL = "-Onone";
				TARGETED_DEVICE_FAMILY = 2;
			};
			name = Debug;
		};
		F28F4AB31ACCC90500226595 /* Release */ = {
			isa = XCBuildConfiguration;
			buildSettings = {
				ALWAYS_SEARCH_USER_PATHS = NO;
				CLANG_CXX_LANGUAGE_STANDARD = "gnu++0x";
				CLANG_CXX_LIBRARY = "libc++";
				CLANG_ENABLE_MODULES = YES;
				CLANG_ENABLE_OBJC_ARC = YES;
				CLANG_WARN_BOOL_CONVERSION = YES;
				CLANG_WARN_CONSTANT_CONVERSION = YES;
				CLANG_WARN_DIRECT_OBJC_ISA_USAGE = YES_ERROR;
				CLANG_WARN_EMPTY_BODY = YES;
				CLANG_WARN_ENUM_CONVERSION = YES;
				CLANG_WARN_INT_CONVERSION = YES;
				CLANG_WARN_OBJC_ROOT_CLASS = YES_ERROR;
				CLANG_WARN_UNREACHABLE_CODE = YES;
				CLANG_WARN__DUPLICATE_METHOD_MATCH = YES;
				"CODE_SIGN_IDENTITY[sdk=iphoneos*]" = "iPhone Developer";
				COPY_PHASE_STRIP = NO;
				ENABLE_NS_ASSERTIONS = NO;
				ENABLE_STRICT_OBJC_MSGSEND = YES;
				GCC_C_LANGUAGE_STANDARD = gnu99;
				GCC_WARN_64_TO_32_BIT_CONVERSION = YES;
				GCC_WARN_ABOUT_RETURN_TYPE = YES_ERROR;
				GCC_WARN_UNDECLARED_SELECTOR = YES;
				GCC_WARN_UNINITIALIZED_AUTOS = YES_AGGRESSIVE;
				GCC_WARN_UNUSED_FUNCTION = YES;
				GCC_WARN_UNUSED_VARIABLE = YES;
				IPHONEOS_DEPLOYMENT_TARGET = 8.2;
				MTL_ENABLE_DEBUG_INFO = NO;
				SDKROOT = iphoneos;
				TARGETED_DEVICE_FAMILY = 2;
				VALIDATE_PRODUCT = YES;
			};
			name = Release;
		};
		F28F4AB51ACCC90500226595 /* Debug */ = {
			isa = XCBuildConfiguration;
			buildSettings = {
				ASSETCATALOG_COMPILER_APPICON_NAME = AppIcon;
				INFOPLIST_FILE = msgeasier/Info.plist;
				LD_RUNPATH_SEARCH_PATHS = "$(inherited) @executable_path/Frameworks";
				PRODUCT_NAME = "$(TARGET_NAME)";
			};
			name = Debug;
		};
		F28F4AB61ACCC90500226595 /* Release */ = {
			isa = XCBuildConfiguration;
			buildSettings = {
				ASSETCATALOG_COMPILER_APPICON_NAME = AppIcon;
				INFOPLIST_FILE = msgeasier/Info.plist;
				LD_RUNPATH_SEARCH_PATHS = "$(inherited) @executable_path/Frameworks";
				PRODUCT_NAME = "$(TARGET_NAME)";
			};
			name = Release;
		};
		F28F4AB81ACCC90500226595 /* Debug */ = {
			isa = XCBuildConfiguration;
			buildSettings = {
				BUNDLE_LOADER = "$(TEST_HOST)";
				FRAMEWORK_SEARCH_PATHS = (
					"$(SDKROOT)/Developer/Library/Frameworks",
					"$(inherited)",
				);
				GCC_PREPROCESSOR_DEFINITIONS = (
					"DEBUG=1",
					"$(inherited)",
				);
				INFOPLIST_FILE = msgeasierTests/Info.plist;
				LD_RUNPATH_SEARCH_PATHS = "$(inherited) @executable_path/Frameworks @loader_path/Frameworks";
				PRODUCT_NAME = "$(TARGET_NAME)";
				TEST_HOST = "$(BUILT_PRODUCTS_DIR)/msgeasier.app/msgeasier";
			};
			name = Debug;
		};
		F28F4AB91ACCC90500226595 /* Release */ = {
			isa = XCBuildConfiguration;
			buildSettings = {
				BUNDLE_LOADER = "$(TEST_HOST)";
				FRAMEWORK_SEARCH_PATHS = (
					"$(SDKROOT)/Developer/Library/Frameworks",
					"$(inherited)",
				);
				INFOPLIST_FILE = msgeasierTests/Info.plist;
				LD_RUNPATH_SEARCH_PATHS = "$(inherited) @executable_path/Frameworks @loader_path/Frameworks";
				PRODUCT_NAME = "$(TARGET_NAME)";
				TEST_HOST = "$(BUILT_PRODUCTS_DIR)/msgeasier.app/msgeasier";
			};
			name = Release;
		};
/* End XCBuildConfiguration section */

/* Begin XCConfigurationList section */
		F28F4A901ACCC90400226595 /* Build configuration list for PBXProject "msgeasier" */ = {
			isa = XCConfigurationList;
			buildConfigurations = (
				F28F4AB21ACCC90500226595 /* Debug */,
				F28F4AB31ACCC90500226595 /* Release */,
			);
			defaultConfigurationIsVisible = 0;
			defaultConfigurationName = Release;
		};
		F28F4AB41ACCC90500226595 /* Build configuration list for PBXNativeTarget "msgeasier" */ = {
			isa = XCConfigurationList;
			buildConfigurations = (
				F28F4AB51ACCC90500226595 /* Debug */,
				F28F4AB61ACCC90500226595 /* Release */,
			);
			defaultConfigurationIsVisible = 0;
		};
		F28F4AB71ACCC90500226595 /* Build configuration list for PBXNativeTarget "msgeasierTests" */ = {
			isa = XCConfigurationList;
			buildConfigurations = (
				F28F4AB81ACCC90500226595 /* Debug */,
				F28F4AB91ACCC90500226595 /* Release */,
			);
			defaultConfigurationIsVisible = 0;
		};
/* End XCConfigurationList section */
	};
	rootObject = F28F4A8D1ACCC90400226595 /* Project object */;
}
