// !$*UTF8*$!
{
	archiveVersion = 1;
	classes = {
	};
	objectVersion = 46;
	objects = {

/* Begin PBXBuildFile section */
		F2C32B7F1ADCA2E3009A8397 /* AppDelegate.swift in Sources */ = {isa = PBXBuildFile; fileRef = F2C32B7E1ADCA2E3009A8397 /* AppDelegate.swift */; };
		F2C32B811ADCA2E3009A8397 /* ViewController.swift in Sources */ = {isa = PBXBuildFile; fileRef = F2C32B801ADCA2E3009A8397 /* ViewController.swift */; };
		F2C32B841ADCA2E3009A8397 /* Main.storyboard in Resources */ = {isa = PBXBuildFile; fileRef = F2C32B821ADCA2E3009A8397 /* Main.storyboard */; };
		F2C32B861ADCA2E3009A8397 /* Images.xcassets in Resources */ = {isa = PBXBuildFile; fileRef = F2C32B851ADCA2E3009A8397 /* Images.xcassets */; };
		F2C32B891ADCA2E3009A8397 /* LaunchScreen.xib in Resources */ = {isa = PBXBuildFile; fileRef = F2C32B871ADCA2E3009A8397 /* LaunchScreen.xib */; };
		F2C32B951ADCA2E4009A8397 /* autolayoutTests.swift in Sources */ = {isa = PBXBuildFile; fileRef = F2C32B941ADCA2E4009A8397 /* autolayoutTests.swift */; };
/* End PBXBuildFile section */

/* Begin PBXContainerItemProxy section */
		F2C32B8F1ADCA2E4009A8397 /* PBXContainerItemProxy */ = {
			isa = PBXContainerItemProxy;
			containerPortal = F2C32B711ADCA2E3009A8397 /* Project object */;
			proxyType = 1;
			remoteGlobalIDString = F2C32B781ADCA2E3009A8397;
			remoteInfo = autolayout;
		};
/* End PBXContainerItemProxy section */

/* Begin PBXFileReference section */
		F2C32B791ADCA2E3009A8397 /* autolayout.app */ = {isa = PBXFileReference; explicitFileType = wrapper.application; includeInIndex = 0; path = autolayout.app; sourceTree = BUILT_PRODUCTS_DIR; };
		F2C32B7D1ADCA2E3009A8397 /* Info.plist */ = {isa = PBXFileReference; lastKnownFileType = text.plist.xml; path = Info.plist; sourceTree = "<group>"; };
		F2C32B7E1ADCA2E3009A8397 /* AppDelegate.swift */ = {isa = PBXFileReference; lastKnownFileType = sourcecode.swift; path = AppDelegate.swift; sourceTree = "<group>"; };
		F2C32B801ADCA2E3009A8397 /* ViewController.swift */ = {isa = PBXFileReference; lastKnownFileType = sourcecode.swift; path = ViewController.swift; sourceTree = "<group>"; };
		F2C32B831ADCA2E3009A8397 /* Base */ = {isa = PBXFileReference; lastKnownFileType = file.storyboard; name = Base; path = Base.lproj/Main.storyboard; sourceTree = "<group>"; };
		F2C32B851ADCA2E3009A8397 /* Images.xcassets */ = {isa = PBXFileReference; lastKnownFileType = folder.assetcatalog; path = Images.xcassets; sourceTree = "<group>"; };
		F2C32B881ADCA2E3009A8397 /* Base */ = {isa = PBXFileReference; lastKnownFileType = file.xib; name = Base; path = Base.lproj/LaunchScreen.xib; sourceTree = "<group>"; };
		F2C32B8E1ADCA2E4009A8397 /* autolayoutTests.xctest */ = {isa = PBXFileReference; explicitFileType = wrapper.cfbundle; includeInIndex = 0; path = autolayoutTests.xctest; sourceTree = BUILT_PRODUCTS_DIR; };
		F2C32B931ADCA2E4009A8397 /* Info.plist */ = {isa = PBXFileReference; lastKnownFileType = text.plist.xml; path = Info.plist; sourceTree = "<group>"; };
		F2C32B941ADCA2E4009A8397 /* autolayoutTests.swift */ = {isa = PBXFileReference; lastKnownFileType = sourcecode.swift; path = autolayoutTests.swift; sourceTree = "<group>"; };
/* End PBXFileReference section */

/* Begin PBXFrameworksBuildPhase section */
		F2C32B761ADCA2E3009A8397 /* Frameworks */ = {
			isa = PBXFrameworksBuildPhase;
			buildActionMask = 2147483647;
			files = (
			);
			runOnlyForDeploymentPostprocessing = 0;
		};
		F2C32B8B1ADCA2E4009A8397 /* Frameworks */ = {
			isa = PBXFrameworksBuildPhase;
			buildActionMask = 2147483647;
			files = (
			);
			runOnlyForDeploymentPostprocessing = 0;
		};
/* End PBXFrameworksBuildPhase section */

/* Begin PBXGroup section */
		F2C32B701ADCA2E3009A8397 = {
			isa = PBXGroup;
			children = (
				F2C32B7B1ADCA2E3009A8397 /* autolayout */,
				F2C32B911ADCA2E4009A8397 /* autolayoutTests */,
				F2C32B7A1ADCA2E3009A8397 /* Products */,
			);
			sourceTree = "<group>";
		};
		F2C32B7A1ADCA2E3009A8397 /* Products */ = {
			isa = PBXGroup;
			children = (
				F2C32B791ADCA2E3009A8397 /* autolayout.app */,
				F2C32B8E1ADCA2E4009A8397 /* autolayoutTests.xctest */,
			);
			name = Products;
			sourceTree = "<group>";
		};
		F2C32B7B1ADCA2E3009A8397 /* autolayout */ = {
			isa = PBXGroup;
			children = (
				F2C32B7E1ADCA2E3009A8397 /* AppDelegate.swift */,
				F2C32B801ADCA2E3009A8397 /* ViewController.swift */,
				F2C32B821ADCA2E3009A8397 /* Main.storyboard */,
				F2C32B851ADCA2E3009A8397 /* Images.xcassets */,
				F2C32B871ADCA2E3009A8397 /* LaunchScreen.xib */,
				F2C32B7C1ADCA2E3009A8397 /* Supporting Files */,
			);
			path = autolayout;
			sourceTree = "<group>";
		};
		F2C32B7C1ADCA2E3009A8397 /* Supporting Files */ = {
			isa = PBXGroup;
			children = (
				F2C32B7D1ADCA2E3009A8397 /* Info.plist */,
			);
			name = "Supporting Files";
			sourceTree = "<group>";
		};
		F2C32B911ADCA2E4009A8397 /* autolayoutTests */ = {
			isa = PBXGroup;
			children = (
				F2C32B941ADCA2E4009A8397 /* autolayoutTests.swift */,
				F2C32B921ADCA2E4009A8397 /* Supporting Files */,
			);
			path = autolayoutTests;
			sourceTree = "<group>";
		};
		F2C32B921ADCA2E4009A8397 /* Supporting Files */ = {
			isa = PBXGroup;
			children = (
				F2C32B931ADCA2E4009A8397 /* Info.plist */,
			);
			name = "Supporting Files";
			sourceTree = "<group>";
		};
/* End PBXGroup section */

/* Begin PBXNativeTarget section */
		F2C32B781ADCA2E3009A8397 /* autolayout */ = {
			isa = PBXNativeTarget;
			buildConfigurationList = F2C32B981ADCA2E4009A8397 /* Build configuration list for PBXNativeTarget "autolayout" */;
			buildPhases = (
				F2C32B751ADCA2E3009A8397 /* Sources */,
				F2C32B761ADCA2E3009A8397 /* Frameworks */,
				F2C32B771ADCA2E3009A8397 /* Resources */,
			);
			buildRules = (
			);
			dependencies = (
			);
			name = autolayout;
			productName = autolayout;
			productReference = F2C32B791ADCA2E3009A8397 /* autolayout.app */;
			productType = "com.apple.product-type.application";
		};
		F2C32B8D1ADCA2E4009A8397 /* autolayoutTests */ = {
			isa = PBXNativeTarget;
			buildConfigurationList = F2C32B9B1ADCA2E4009A8397 /* Build configuration list for PBXNativeTarget "autolayoutTests" */;
			buildPhases = (
				F2C32B8A1ADCA2E4009A8397 /* Sources */,
				F2C32B8B1ADCA2E4009A8397 /* Frameworks */,
				F2C32B8C1ADCA2E4009A8397 /* Resources */,
			);
			buildRules = (
			);
			dependencies = (
				F2C32B901ADCA2E4009A8397 /* PBXTargetDependency */,
			);
			name = autolayoutTests;
			productName = autolayoutTests;
			productReference = F2C32B8E1ADCA2E4009A8397 /* autolayoutTests.xctest */;
			productType = "com.apple.product-type.bundle.unit-test";
		};
/* End PBXNativeTarget section */

/* Begin PBXProject section */
		F2C32B711ADCA2E3009A8397 /* Project object */ = {
			isa = PBXProject;
			attributes = {
				LastUpgradeCheck = 0630;
				ORGANIZATIONNAME = "Gina Hagg";
				TargetAttributes = {
					F2C32B781ADCA2E3009A8397 = {
						CreatedOnToolsVersion = 6.3;
					};
					F2C32B8D1ADCA2E4009A8397 = {
						CreatedOnToolsVersion = 6.3;
						TestTargetID = F2C32B781ADCA2E3009A8397;
					};
				};
			};
			buildConfigurationList = F2C32B741ADCA2E3009A8397 /* Build configuration list for PBXProject "autolayout" */;
			compatibilityVersion = "Xcode 3.2";
			developmentRegion = English;
			hasScannedForEncodings = 0;
			knownRegions = (
				en,
				Base,
			);
			mainGroup = F2C32B701ADCA2E3009A8397;
			productRefGroup = F2C32B7A1ADCA2E3009A8397 /* Products */;
			projectDirPath = "";
			projectRoot = "";
			targets = (
				F2C32B781ADCA2E3009A8397 /* autolayout */,
				F2C32B8D1ADCA2E4009A8397 /* autolayoutTests */,
			);
		};
/* End PBXProject section */

/* Begin PBXResourcesBuildPhase section */
		F2C32B771ADCA2E3009A8397 /* Resources */ = {
			isa = PBXResourcesBuildPhase;
			buildActionMask = 2147483647;
			files = (
				F2C32B841ADCA2E3009A8397 /* Main.storyboard in Resources */,
				F2C32B891ADCA2E3009A8397 /* LaunchScreen.xib in Resources */,
				F2C32B861ADCA2E3009A8397 /* Images.xcassets in Resources */,
			);
			runOnlyForDeploymentPostprocessing = 0;
		};
		F2C32B8C1ADCA2E4009A8397 /* Resources */ = {
			isa = PBXResourcesBuildPhase;
			buildActionMask = 2147483647;
			files = (
			);
			runOnlyForDeploymentPostprocessing = 0;
		};
/* End PBXResourcesBuildPhase section */

/* Begin PBXSourcesBuildPhase section */
		F2C32B751ADCA2E3009A8397 /* Sources */ = {
			isa = PBXSourcesBuildPhase;
			buildActionMask = 2147483647;
			files = (
				F2C32B811ADCA2E3009A8397 /* ViewController.swift in Sources */,
				F2C32B7F1ADCA2E3009A8397 /* AppDelegate.swift in Sources */,
			);
			runOnlyForDeploymentPostprocessing = 0;
		};
		F2C32B8A1ADCA2E4009A8397 /* Sources */ = {
			isa = PBXSourcesBuildPhase;
			buildActionMask = 2147483647;
			files = (
				F2C32B951ADCA2E4009A8397 /* autolayoutTests.swift in Sources */,
			);
			runOnlyForDeploymentPostprocessing = 0;
		};
/* End PBXSourcesBuildPhase section */

/* Begin PBXTargetDependency section */
		F2C32B901ADCA2E4009A8397 /* PBXTargetDependency */ = {
			isa = PBXTargetDependency;
			target = F2C32B781ADCA2E3009A8397 /* autolayout */;
			targetProxy = F2C32B8F1ADCA2E4009A8397 /* PBXContainerItemProxy */;
		};
/* End PBXTargetDependency section */

/* Begin PBXVariantGroup section */
		F2C32B821ADCA2E3009A8397 /* Main.storyboard */ = {
			isa = PBXVariantGroup;
			children = (
				F2C32B831ADCA2E3009A8397 /* Base */,
			);
			name = Main.storyboard;
			sourceTree = "<group>";
		};
		F2C32B871ADCA2E3009A8397 /* LaunchScreen.xib */ = {
			isa = PBXVariantGroup;
			children = (
				F2C32B881ADCA2E3009A8397 /* Base */,
			);
			name = LaunchScreen.xib;
			sourceTree = "<group>";
		};
/* End PBXVariantGroup section */

/* Begin XCBuildConfiguration section */
		F2C32B961ADCA2E4009A8397 /* Debug */ = {
			isa = XCBuildConfiguration;
			buildSettings = {
				ALWAYS_SEARCH_USER_PATHS = NO;
				CLANG_CXX_LANGUAGE_STANDARD = "gnu++0x";
				CLANG_CXX_LIBRARY = "libc++";
				CLANG_ENABLE_MODULES = YES;
				CLANG_ENABLE_OBJC_ARC = YES;
				CLANG_WARN_BOOL_CONVERSION = YES;
				CLANG_WARN_CONSTANT_CONVERSION = YES;
				CLANG_WARN_DIRECT_OBJC_ISA_USAGE = YES_ERROR;
				CLANG_WARN_EMPTY_BODY = YES;
				CLANG_WARN_ENUM_CONVERSION = YES;
				CLANG_WARN_INT_CONVERSION = YES;
				CLANG_WARN_OBJC_ROOT_CLASS = YES_ERROR;
				CLANG_WARN_UNREACHABLE_CODE = YES;
				CLANG_WARN__DUPLICATE_METHOD_MATCH = YES;
				"CODE_SIGN_IDENTITY[sdk=iphoneos*]" = "iPhone Developer";
				COPY_PHASE_STRIP = NO;
				DEBUG_INFORMATION_FORMAT = "dwarf-with-dsym";
				ENABLE_STRICT_OBJC_MSGSEND = YES;
				GCC_C_LANGUAGE_STANDARD = gnu99;
				GCC_DYNAMIC_NO_PIC = NO;
				GCC_NO_COMMON_BLOCKS = YES;
				GCC_OPTIMIZATION_LEVEL = 0;
				GCC_PREPROCESSOR_DEFINITIONS = (
					"DEBUG=1",
					"$(inherited)",
				);
				GCC_SYMBOLS_PRIVATE_EXTERN = NO;
				GCC_WARN_64_TO_32_BIT_CONVERSION = YES;
				GCC_WARN_ABOUT_RETURN_TYPE = YES_ERROR;
				GCC_WARN_UNDECLARED_SELECTOR = YES;
				GCC_WARN_UNINITIALIZED_AUTOS = YES_AGGRESSIVE;
				GCC_WARN_UNUSED_FUNCTION = YES;
				GCC_WARN_UNUSED_VARIABLE = YES;
				IPHONEOS_DEPLOYMENT_TARGET = 8.3;
				MTL_ENABLE_DEBUG_INFO = YES;
				ONLY_ACTIVE_ARCH = YES;
				SDKROOT = iphoneos;
				SWIFT_OPTIMIZATION_LEVEL = "-Onone";
				TARGETED_DEVICE_FAMILY = "1,2";
			};
			name = Debug;
		};
		F2C32B971ADCA2E4009A8397 /* Release */ = {
			isa = XCBuildConfiguration;
			buildSettings = {
				ALWAYS_SEARCH_USER_PATHS = NO;
				CLANG_CXX_LANGUAGE_STANDARD = "gnu++0x";
				CLANG_CXX_LIBRARY = "libc++";
				CLANG_ENABLE_MODULES = YES;
				CLANG_ENABLE_OBJC_ARC = YES;
				CLANG_WARN_BOOL_CONVERSION = YES;
				CLANG_WARN_CONSTANT_CONVERSION = YES;
				CLANG_WARN_DIRECT_OBJC_ISA_USAGE = YES_ERROR;
				CLANG_WARN_EMPTY_BODY = YES;
				CLANG_WARN_ENUM_CONVERSION = YES;
				CLANG_WARN_INT_CONVERSION = YES;
				CLANG_WARN_OBJC_ROOT_CLASS = YES_ERROR;
				CLANG_WARN_UNREACHABLE_CODE = YES;
				CLANG_WARN__DUPLICATE_METHOD_MATCH = YES;
				"CODE_SIGN_IDENTITY[sdk=iphoneos*]" = "iPhone Developer";
				COPY_PHASE_STRIP = NO;
				DEBUG_INFORMATION_FORMAT = "dwarf-with-dsym";
				ENABLE_NS_ASSERTIONS = NO;
				ENABLE_STRICT_OBJC_MSGSEND = YES;
				GCC_C_LANGUAGE_STANDARD = gnu99;
				GCC_NO_COMMON_BLOCKS = YES;
				GCC_WARN_64_TO_32_BIT_CONVERSION = YES;
				GCC_WARN_ABOUT_RETURN_TYPE = YES_ERROR;
				GCC_WARN_UNDECLARED_SELECTOR = YES;
				GCC_WARN_UNINITIALIZED_AUTOS = YES_AGGRESSIVE;
				GCC_WARN_UNUSED_FUNCTION = YES;
				GCC_WARN_UNUSED_VARIABLE = YES;
				IPHONEOS_DEPLOYMENT_TARGET = 8.3;
				MTL_ENABLE_DEBUG_INFO = NO;
				SDKROOT = iphoneos;
				TARGETED_DEVICE_FAMILY = "1,2";
				VALIDATE_PRODUCT = YES;
			};
			name = Release;
		};
		F2C32B991ADCA2E4009A8397 /* Debug */ = {
			isa = XCBuildConfiguration;
			buildSettings = {
				ASSETCATALOG_COMPILER_APPICON_NAME = AppIcon;
				INFOPLIST_FILE = autolayout/Info.plist;
				LD_RUNPATH_SEARCH_PATHS = "$(inherited) @executable_path/Frameworks";
				PRODUCT_NAME = "$(TARGET_NAME)";
			};
			name = Debug;
		};
		F2C32B9A1ADCA2E4009A8397 /* Release */ = {
			isa = XCBuildConfiguration;
			buildSettings = {
				ASSETCATALOG_COMPILER_APPICON_NAME = AppIcon;
				INFOPLIST_FILE = autolayout/Info.plist;
				LD_RUNPATH_SEARCH_PATHS = "$(inherited) @executable_path/Frameworks";
				PRODUCT_NAME = "$(TARGET_NAME)";
			};
			name = Release;
		};
		F2C32B9C1ADCA2E4009A8397 /* Debug */ = {
			isa = XCBuildConfiguration;
			buildSettings = {
				BUNDLE_LOADER = "$(TEST_HOST)";
				FRAMEWORK_SEARCH_PATHS = (
					"$(SDKROOT)/Developer/Library/Frameworks",
					"$(inherited)",
				);
				GCC_PREPROCESSOR_DEFINITIONS = (
					"DEBUG=1",
					"$(inherited)",
				);
				INFOPLIST_FILE = autolayoutTests/Info.plist;
				LD_RUNPATH_SEARCH_PATHS = "$(inherited) @executable_path/Frameworks @loader_path/Frameworks";
				PRODUCT_NAME = "$(TARGET_NAME)";
				TEST_HOST = "$(BUILT_PRODUCTS_DIR)/autolayout.app/autolayout";
			};
			name = Debug;
		};
		F2C32B9D1ADCA2E4009A8397 /* Release */ = {
			isa = XCBuildConfiguration;
			buildSettings = {
				BUNDLE_LOADER = "$(TEST_HOST)";
				FRAMEWORK_SEARCH_PATHS = (
					"$(SDKROOT)/Developer/Library/Frameworks",
					"$(inherited)",
				);
				INFOPLIST_FILE = autolayoutTests/Info.plist;
				LD_RUNPATH_SEARCH_PATHS = "$(inherited) @executable_path/Frameworks @loader_path/Frameworks";
				PRODUCT_NAME = "$(TARGET_NAME)";
				TEST_HOST = "$(BUILT_PRODUCTS_DIR)/autolayout.app/autolayout";
			};
			name = Release;
		};
/* End XCBuildConfiguration section */

/* Begin XCConfigurationList section */
		F2C32B741ADCA2E3009A8397 /* Build configuration list for PBXProject "autolayout" */ = {
			isa = XCConfigurationList;
			buildConfigurations = (
				F2C32B961ADCA2E4009A8397 /* Debug */,
				F2C32B971ADCA2E4009A8397 /* Release */,
			);
			defaultConfigurationIsVisible = 0;
			defaultConfigurationName = Release;
		};
		F2C32B981ADCA2E4009A8397 /* Build configuration list for PBXNativeTarget "autolayout" */ = {
			isa = XCConfigurationList;
			buildConfigurations = (
				F2C32B991ADCA2E4009A8397 /* Debug */,
				F2C32B9A1ADCA2E4009A8397 /* Release */,
			);
			defaultConfigurationIsVisible = 0;
		};
		F2C32B9B1ADCA2E4009A8397 /* Build configuration list for PBXNativeTarget "autolayoutTests" */ = {
			isa = XCConfigurationList;
			buildConfigurations = (
				F2C32B9C1ADCA2E4009A8397 /* Debug */,
				F2C32B9D1ADCA2E4009A8397 /* Release */,
			);
			defaultConfigurationIsVisible = 0;
		};
/* End XCConfigurationList section */
	};
	rootObject = F2C32B711ADCA2E3009A8397 /* Project object */;
}
