// !$*UTF8*$!
{
	archiveVersion = 1;
	classes = {
	};
	objectVersion = 46;
	objects = {

/* Begin PBXBuildFile section */
		F2DABB2D1B0468140000A207 /* AppDelegate.swift in Sources */ = {isa = PBXBuildFile; fileRef = F2DABB2C1B0468140000A207 /* AppDelegate.swift */; };
		F2DABB301B0468140000A207 /* Circles.xcdatamodeld in Sources */ = {isa = PBXBuildFile; fileRef = F2DABB2E1B0468140000A207 /* Circles.xcdatamodeld */; };
		F2DABB321B0468140000A207 /* ViewController.swift in Sources */ = {isa = PBXBuildFile; fileRef = F2DABB311B0468140000A207 /* ViewController.swift */; };
		F2DABB351B0468140000A207 /* Main.storyboard in Resources */ = {isa = PBXBuildFile; fileRef = F2DABB331B0468140000A207 /* Main.storyboard */; };
		F2DABB371B0468140000A207 /* Images.xcassets in Resources */ = {isa = PBXBuildFile; fileRef = F2DABB361B0468140000A207 /* Images.xcassets */; };
		F2DABB3A1B0468140000A207 /* LaunchScreen.xib in Resources */ = {isa = PBXBuildFile; fileRef = F2DABB381B0468140000A207 /* LaunchScreen.xib */; };
		F2DABB461B0468140000A207 /* CirclesTests.swift in Sources */ = {isa = PBXBuildFile; fileRef = F2DABB451B0468140000A207 /* CirclesTests.swift */; };
		F2DABB501B04685D0000A207 /* CircleView.swift in Sources */ = {isa = PBXBuildFile; fileRef = F2DABB4F1B04685D0000A207 /* CircleView.swift */; };
/* End PBXBuildFile section */

/* Begin PBXContainerItemProxy section */
		F2DABB401B0468140000A207 /* PBXContainerItemProxy */ = {
			isa = PBXContainerItemProxy;
			containerPortal = F2DABB1F1B0468140000A207 /* Project object */;
			proxyType = 1;
			remoteGlobalIDString = F2DABB261B0468140000A207;
			remoteInfo = Circles;
		};
/* End PBXContainerItemProxy section */

/* Begin PBXFileReference section */
		F2DABB271B0468140000A207 /* Circles.app */ = {isa = PBXFileReference; explicitFileType = wrapper.application; includeInIndex = 0; path = Circles.app; sourceTree = BUILT_PRODUCTS_DIR; };
		F2DABB2B1B0468140000A207 /* Info.plist */ = {isa = PBXFileReference; lastKnownFileType = text.plist.xml; path = Info.plist; sourceTree = "<group>"; };
		F2DABB2C1B0468140000A207 /* AppDelegate.swift */ = {isa = PBXFileReference; lastKnownFileType = sourcecode.swift; path = AppDelegate.swift; sourceTree = "<group>"; };
		F2DABB2F1B0468140000A207 /* Circles.xcdatamodel */ = {isa = PBXFileReference; lastKnownFileType = wrapper.xcdatamodel; path = Circles.xcdatamodel; sourceTree = "<group>"; };
		F2DABB311B0468140000A207 /* ViewController.swift */ = {isa = PBXFileReference; lastKnownFileType = sourcecode.swift; path = ViewController.swift; sourceTree = "<group>"; };
		F2DABB341B0468140000A207 /* Base */ = {isa = PBXFileReference; lastKnownFileType = file.storyboard; name = Base; path = Base.lproj/Main.storyboard; sourceTree = "<group>"; };
		F2DABB361B0468140000A207 /* Images.xcassets */ = {isa = PBXFileReference; lastKnownFileType = folder.assetcatalog; path = Images.xcassets; sourceTree = "<group>"; };
		F2DABB391B0468140000A207 /* Base */ = {isa = PBXFileReference; lastKnownFileType = file.xib; name = Base; path = Base.lproj/LaunchScreen.xib; sourceTree = "<group>"; };
		F2DABB3F1B0468140000A207 /* CirclesTests.xctest */ = {isa = PBXFileReference; explicitFileType = wrapper.cfbundle; includeInIndex = 0; path = CirclesTests.xctest; sourceTree = BUILT_PRODUCTS_DIR; };
		F2DABB441B0468140000A207 /* Info.plist */ = {isa = PBXFileReference; lastKnownFileType = text.plist.xml; path = Info.plist; sourceTree = "<group>"; };
		F2DABB451B0468140000A207 /* CirclesTests.swift */ = {isa = PBXFileReference; lastKnownFileType = sourcecode.swift; path = CirclesTests.swift; sourceTree = "<group>"; };
		F2DABB4F1B04685D0000A207 /* CircleView.swift */ = {isa = PBXFileReference; fileEncoding = 4; lastKnownFileType = sourcecode.swift; path = CircleView.swift; sourceTree = "<group>"; };
/* End PBXFileReference section */

/* Begin PBXFrameworksBuildPhase section */
		F2DABB241B0468140000A207 /* Frameworks */ = {
			isa = PBXFrameworksBuildPhase;
			buildActionMask = 2147483647;
			files = (
			);
			runOnlyForDeploymentPostprocessing = 0;
		};
		F2DABB3C1B0468140000A207 /* Frameworks */ = {
			isa = PBXFrameworksBuildPhase;
			buildActionMask = 2147483647;
			files = (
			);
			runOnlyForDeploymentPostprocessing = 0;
		};
/* End PBXFrameworksBuildPhase section */

/* Begin PBXGroup section */
		F2DABB1E1B0468140000A207 = {
			isa = PBXGroup;
			children = (
				F2DABB291B0468140000A207 /* Circles */,
				F2DABB421B0468140000A207 /* CirclesTests */,
				F2DABB281B0468140000A207 /* Products */,
			);
			sourceTree = "<group>";
		};
		F2DABB281B0468140000A207 /* Products */ = {
			isa = PBXGroup;
			children = (
				F2DABB271B0468140000A207 /* Circles.app */,
				F2DABB3F1B0468140000A207 /* CirclesTests.xctest */,
			);
			name = Products;
			sourceTree = "<group>";
		};
		F2DABB291B0468140000A207 /* Circles */ = {
			isa = PBXGroup;
			children = (
				F2DABB4F1B04685D0000A207 /* CircleView.swift */,
				F2DABB2C1B0468140000A207 /* AppDelegate.swift */,
				F2DABB311B0468140000A207 /* ViewController.swift */,
				F2DABB331B0468140000A207 /* Main.storyboard */,
				F2DABB361B0468140000A207 /* Images.xcassets */,
				F2DABB381B0468140000A207 /* LaunchScreen.xib */,
				F2DABB2E1B0468140000A207 /* Circles.xcdatamodeld */,
				F2DABB2A1B0468140000A207 /* Supporting Files */,
			);
			path = Circles;
			sourceTree = "<group>";
		};
		F2DABB2A1B0468140000A207 /* Supporting Files */ = {
			isa = PBXGroup;
			children = (
				F2DABB2B1B0468140000A207 /* Info.plist */,
			);
			name = "Supporting Files";
			sourceTree = "<group>";
		};
		F2DABB421B0468140000A207 /* CirclesTests */ = {
			isa = PBXGroup;
			children = (
				F2DABB451B0468140000A207 /* CirclesTests.swift */,
				F2DABB431B0468140000A207 /* Supporting Files */,
			);
			path = CirclesTests;
			sourceTree = "<group>";
		};
		F2DABB431B0468140000A207 /* Supporting Files */ = {
			isa = PBXGroup;
			children = (
				F2DABB441B0468140000A207 /* Info.plist */,
			);
			name = "Supporting Files";
			sourceTree = "<group>";
		};
/* End PBXGroup section */

/* Begin PBXNativeTarget section */
		F2DABB261B0468140000A207 /* Circles */ = {
			isa = PBXNativeTarget;
			buildConfigurationList = F2DABB491B0468140000A207 /* Build configuration list for PBXNativeTarget "Circles" */;
			buildPhases = (
				F2DABB231B0468140000A207 /* Sources */,
				F2DABB241B0468140000A207 /* Frameworks */,
				F2DABB251B0468140000A207 /* Resources */,
			);
			buildRules = (
			);
			dependencies = (
			);
			name = Circles;
			productName = Circles;
			productReference = F2DABB271B0468140000A207 /* Circles.app */;
			productType = "com.apple.product-type.application";
		};
		F2DABB3E1B0468140000A207 /* CirclesTests */ = {
			isa = PBXNativeTarget;
			buildConfigurationList = F2DABB4C1B0468140000A207 /* Build configuration list for PBXNativeTarget "CirclesTests" */;
			buildPhases = (
				F2DABB3B1B0468140000A207 /* Sources */,
				F2DABB3C1B0468140000A207 /* Frameworks */,
				F2DABB3D1B0468140000A207 /* Resources */,
			);
			buildRules = (
			);
			dependencies = (
				F2DABB411B0468140000A207 /* PBXTargetDependency */,
			);
			name = CirclesTests;
			productName = CirclesTests;
			productReference = F2DABB3F1B0468140000A207 /* CirclesTests.xctest */;
			productType = "com.apple.product-type.bundle.unit-test";
		};
/* End PBXNativeTarget section */

/* Begin PBXProject section */
		F2DABB1F1B0468140000A207 /* Project object */ = {
			isa = PBXProject;
			attributes = {
				LastUpgradeCheck = 0630;
				ORGANIZATIONNAME = "Gina Hagg";
				TargetAttributes = {
					F2DABB261B0468140000A207 = {
						CreatedOnToolsVersion = 6.3;
					};
					F2DABB3E1B0468140000A207 = {
						CreatedOnToolsVersion = 6.3;
						TestTargetID = F2DABB261B0468140000A207;
					};
				};
			};
			buildConfigurationList = F2DABB221B0468140000A207 /* Build configuration list for PBXProject "Circles" */;
			compatibilityVersion = "Xcode 3.2";
			developmentRegion = English;
			hasScannedForEncodings = 0;
			knownRegions = (
				en,
				Base,
			);
			mainGroup = F2DABB1E1B0468140000A207;
			productRefGroup = F2DABB281B0468140000A207 /* Products */;
			projectDirPath = "";
			projectRoot = "";
			targets = (
				F2DABB261B0468140000A207 /* Circles */,
				F2DABB3E1B0468140000A207 /* CirclesTests */,
			);
		};
/* End PBXProject section */

/* Begin PBXResourcesBuildPhase section */
		F2DABB251B0468140000A207 /* Resources */ = {
			isa = PBXResourcesBuildPhase;
			buildActionMask = 2147483647;
			files = (
				F2DABB351B0468140000A207 /* Main.storyboard in Resources */,
				F2DABB3A1B0468140000A207 /* LaunchScreen.xib in Resources */,
				F2DABB371B0468140000A207 /* Images.xcassets in Resources */,
			);
			runOnlyForDeploymentPostprocessing = 0;
		};
		F2DABB3D1B0468140000A207 /* Resources */ = {
			isa = PBXResourcesBuildPhase;
			buildActionMask = 2147483647;
			files = (
			);
			runOnlyForDeploymentPostprocessing = 0;
		};
/* End PBXResourcesBuildPhase section */

/* Begin PBXSourcesBuildPhase section */
		F2DABB231B0468140000A207 /* Sources */ = {
			isa = PBXSourcesBuildPhase;
			buildActionMask = 2147483647;
			files = (
				F2DABB501B04685D0000A207 /* CircleView.swift in Sources */,
				F2DABB321B0468140000A207 /* ViewController.swift in Sources */,
				F2DABB2D1B0468140000A207 /* AppDelegate.swift in Sources */,
				F2DABB301B0468140000A207 /* Circles.xcdatamodeld in Sources */,
			);
			runOnlyForDeploymentPostprocessing = 0;
		};
		F2DABB3B1B0468140000A207 /* Sources */ = {
			isa = PBXSourcesBuildPhase;
			buildActionMask = 2147483647;
			files = (
				F2DABB461B0468140000A207 /* CirclesTests.swift in Sources */,
			);
			runOnlyForDeploymentPostprocessing = 0;
		};
/* End PBXSourcesBuildPhase section */

/* Begin PBXTargetDependency section */
		F2DABB411B0468140000A207 /* PBXTargetDependency */ = {
			isa = PBXTargetDependency;
			target = F2DABB261B0468140000A207 /* Circles */;
			targetProxy = F2DABB401B0468140000A207 /* PBXContainerItemProxy */;
		};
/* End PBXTargetDependency section */

/* Begin PBXVariantGroup section */
		F2DABB331B0468140000A207 /* Main.storyboard */ = {
			isa = PBXVariantGroup;
			children = (
				F2DABB341B0468140000A207 /* Base */,
			);
			name = Main.storyboard;
			sourceTree = "<group>";
		};
		F2DABB381B0468140000A207 /* LaunchScreen.xib */ = {
			isa = PBXVariantGroup;
			children = (
				F2DABB391B0468140000A207 /* Base */,
			);
			name = LaunchScreen.xib;
			sourceTree = "<group>";
		};
/* End PBXVariantGroup section */

/* Begin XCBuildConfiguration section */
		F2DABB471B0468140000A207 /* Debug */ = {
			isa = XCBuildConfiguration;
			buildSettings = {
				ALWAYS_SEARCH_USER_PATHS = NO;
				CLANG_CXX_LANGUAGE_STANDARD = "gnu++0x";
				CLANG_CXX_LIBRARY = "libc++";
				CLANG_ENABLE_MODULES = YES;
				CLANG_ENABLE_OBJC_ARC = YES;
				CLANG_WARN_BOOL_CONVERSION = YES;
				CLANG_WARN_CONSTANT_CONVERSION = YES;
				CLANG_WARN_DIRECT_OBJC_ISA_USAGE = YES_ERROR;
				CLANG_WARN_EMPTY_BODY = YES;
				CLANG_WARN_ENUM_CONVERSION = YES;
				CLANG_WARN_INT_CONVERSION = YES;
				CLANG_WARN_OBJC_ROOT_CLASS = YES_ERROR;
				CLANG_WARN_UNREACHABLE_CODE = YES;
				CLANG_WARN__DUPLICATE_METHOD_MATCH = YES;
				"CODE_SIGN_IDENTITY[sdk=iphoneos*]" = "iPhone Developer";
				COPY_PHASE_STRIP = NO;
				DEBUG_INFORMATION_FORMAT = "dwarf-with-dsym";
				ENABLE_STRICT_OBJC_MSGSEND = YES;
				GCC_C_LANGUAGE_STANDARD = gnu99;
				GCC_DYNAMIC_NO_PIC = NO;
				GCC_NO_COMMON_BLOCKS = YES;
				GCC_OPTIMIZATION_LEVEL = 0;
				GCC_PREPROCESSOR_DEFINITIONS = (
					"DEBUG=1",
					"$(inherited)",
				);
				GCC_SYMBOLS_PRIVATE_EXTERN = NO;
				GCC_WARN_64_TO_32_BIT_CONVERSION = YES;
				GCC_WARN_ABOUT_RETURN_TYPE = YES_ERROR;
				GCC_WARN_UNDECLARED_SELECTOR = YES;
				GCC_WARN_UNINITIALIZED_AUTOS = YES_AGGRESSIVE;
				GCC_WARN_UNUSED_FUNCTION = YES;
				GCC_WARN_UNUSED_VARIABLE = YES;
				IPHONEOS_DEPLOYMENT_TARGET = 8.3;
				MTL_ENABLE_DEBUG_INFO = YES;
				ONLY_ACTIVE_ARCH = YES;
				SDKROOT = iphoneos;
				SWIFT_OPTIMIZATION_LEVEL = "-Onone";
				TARGETED_DEVICE_FAMILY = "1,2";
			};
			name = Debug;
		};
		F2DABB481B0468140000A207 /* Release */ = {
			isa = XCBuildConfiguration;
			buildSettings = {
				ALWAYS_SEARCH_USER_PATHS = NO;
				CLANG_CXX_LANGUAGE_STANDARD = "gnu++0x";
				CLANG_CXX_LIBRARY = "libc++";
				CLANG_ENABLE_MODULES = YES;
				CLANG_ENABLE_OBJC_ARC = YES;
				CLANG_WARN_BOOL_CONVERSION = YES;
				CLANG_WARN_CONSTANT_CONVERSION = YES;
				CLANG_WARN_DIRECT_OBJC_ISA_USAGE = YES_ERROR;
				CLANG_WARN_EMPTY_BODY = YES;
				CLANG_WARN_ENUM_CONVERSION = YES;
				CLANG_WARN_INT_CONVERSION = YES;
				CLANG_WARN_OBJC_ROOT_CLASS = YES_ERROR;
				CLANG_WARN_UNREACHABLE_CODE = YES;
				CLANG_WARN__DUPLICATE_METHOD_MATCH = YES;
				"CODE_SIGN_IDENTITY[sdk=iphoneos*]" = "iPhone Developer";
				COPY_PHASE_STRIP = NO;
				DEBUG_INFORMATION_FORMAT = "dwarf-with-dsym";
				ENABLE_NS_ASSERTIONS = NO;
				ENABLE_STRICT_OBJC_MSGSEND = YES;
				GCC_C_LANGUAGE_STANDARD = gnu99;
				GCC_NO_COMMON_BLOCKS = YES;
				GCC_WARN_64_TO_32_BIT_CONVERSION = YES;
				GCC_WARN_ABOUT_RETURN_TYPE = YES_ERROR;
				GCC_WARN_UNDECLARED_SELECTOR = YES;
				GCC_WARN_UNINITIALIZED_AUTOS = YES_AGGRESSIVE;
				GCC_WARN_UNUSED_FUNCTION = YES;
				GCC_WARN_UNUSED_VARIABLE = YES;
				IPHONEOS_DEPLOYMENT_TARGET = 8.3;
				MTL_ENABLE_DEBUG_INFO = NO;
				SDKROOT = iphoneos;
				TARGETED_DEVICE_FAMILY = "1,2";
				VALIDATE_PRODUCT = YES;
			};
			name = Release;
		};
		F2DABB4A1B0468140000A207 /* Debug */ = {
			isa = XCBuildConfiguration;
			buildSettings = {
				ASSETCATALOG_COMPILER_APPICON_NAME = AppIcon;
				INFOPLIST_FILE = Circles/Info.plist;
				LD_RUNPATH_SEARCH_PATHS = "$(inherited) @executable_path/Frameworks";
				PRODUCT_NAME = "$(TARGET_NAME)";
			};
			name = Debug;
		};
		F2DABB4B1B0468140000A207 /* Release */ = {
			isa = XCBuildConfiguration;
			buildSettings = {
				ASSETCATALOG_COMPILER_APPICON_NAME = AppIcon;
				INFOPLIST_FILE = Circles/Info.plist;
				LD_RUNPATH_SEARCH_PATHS = "$(inherited) @executable_path/Frameworks";
				PRODUCT_NAME = "$(TARGET_NAME)";
			};
			name = Release;
		};
		F2DABB4D1B0468140000A207 /* Debug */ = {
			isa = XCBuildConfiguration;
			buildSettings = {
				BUNDLE_LOADER = "$(TEST_HOST)";
				FRAMEWORK_SEARCH_PATHS = (
					"$(SDKROOT)/Developer/Library/Frameworks",
					"$(inherited)",
				);
				GCC_PREPROCESSOR_DEFINITIONS = (
					"DEBUG=1",
					"$(inherited)",
				);
				INFOPLIST_FILE = CirclesTests/Info.plist;
				LD_RUNPATH_SEARCH_PATHS = "$(inherited) @executable_path/Frameworks @loader_path/Frameworks";
				PRODUCT_NAME = "$(TARGET_NAME)";
				TEST_HOST = "$(BUILT_PRODUCTS_DIR)/Circles.app/Circles";
			};
			name = Debug;
		};
		F2DABB4E1B0468140000A207 /* Release */ = {
			isa = XCBuildConfiguration;
			buildSettings = {
				BUNDLE_LOADER = "$(TEST_HOST)";
				FRAMEWORK_SEARCH_PATHS = (
					"$(SDKROOT)/Developer/Library/Frameworks",
					"$(inherited)",
				);
				INFOPLIST_FILE = CirclesTests/Info.plist;
				LD_RUNPATH_SEARCH_PATHS = "$(inherited) @executable_path/Frameworks @loader_path/Frameworks";
				PRODUCT_NAME = "$(TARGET_NAME)";
				TEST_HOST = "$(BUILT_PRODUCTS_DIR)/Circles.app/Circles";
			};
			name = Release;
		};
/* End XCBuildConfiguration section */

/* Begin XCConfigurationList section */
		F2DABB221B0468140000A207 /* Build configuration list for PBXProject "Circles" */ = {
			isa = XCConfigurationList;
			buildConfigurations = (
				F2DABB471B0468140000A207 /* Debug */,
				F2DABB481B0468140000A207 /* Release */,
			);
			defaultConfigurationIsVisible = 0;
			defaultConfigurationName = Release;
		};
		F2DABB491B0468140000A207 /* Build configuration list for PBXNativeTarget "Circles" */ = {
			isa = XCConfigurationList;
			buildConfigurations = (
				F2DABB4A1B0468140000A207 /* Debug */,
				F2DABB4B1B0468140000A207 /* Release */,
			);
			defaultConfigurationIsVisible = 0;
		};
		F2DABB4C1B0468140000A207 /* Build configuration list for PBXNativeTarget "CirclesTests" */ = {
			isa = XCConfigurationList;
			buildConfigurations = (
				F2DABB4D1B0468140000A207 /* Debug */,
				F2DABB4E1B0468140000A207 /* Release */,
			);
			defaultConfigurationIsVisible = 0;
		};
/* End XCConfigurationList section */

/* Begin XCVersionGroup section */
		F2DABB2E1B0468140000A207 /* Circles.xcdatamodeld */ = {
			isa = XCVersionGroup;
			children = (
				F2DABB2F1B0468140000A207 /* Circles.xcdatamodel */,
			);
			currentVersion = F2DABB2F1B0468140000A207 /* Circles.xcdatamodel */;
			path = Circles.xcdatamodeld;
			sourceTree = "<group>";
			versionGroupType = wrapper.xcdatamodel;
		};
/* End XCVersionGroup section */
	};
	rootObject = F2DABB1F1B0468140000A207 /* Project object */;
}
